// !$*UTF8*$!
{
	archiveVersion = 1;
	classes = {
	};
	objectVersion = 56;
	objects = {

/* Begin PBXBuildFile section */
		7E29C8072B74B1F400647D9F /* AppDelegate.swift in Sources */ = {isa = PBXBuildFile; fileRef = 7E29C8062B74B1F400647D9F /* AppDelegate.swift */; };
		7E29C8092B74B1F400647D9F /* SceneDelegate.swift in Sources */ = {isa = PBXBuildFile; fileRef = 7E29C8082B74B1F400647D9F /* SceneDelegate.swift */; };
		7E29C80B2B74B1F400647D9F /* RegistrationViewController.swift in Sources */ = {isa = PBXBuildFile; fileRef = 7E29C80A2B74B1F400647D9F /* RegistrationViewController.swift */; };
		7E29C8132B74B1F600647D9F /* LaunchScreen.storyboard in Resources */ = {isa = PBXBuildFile; fileRef = 7E29C8112B74B1F600647D9F /* LaunchScreen.storyboard */; };
		7E29C8202B74B45B00647D9F /* Assets.xcassets in Resources */ = {isa = PBXBuildFile; fileRef = 7E29C80F2B74B1F600647D9F /* Assets.xcassets */; };
		7E29C8242B74B4CA00647D9F /* Localizable.strings in Resources */ = {isa = PBXBuildFile; fileRef = 7E29C8262B74B4CA00647D9F /* Localizable.strings */; };
		7E29C8292B74B58000647D9F /* Strings+Generated.swift in Sources */ = {isa = PBXBuildFile; fileRef = 7E29C8282B74B58000647D9F /* Strings+Generated.swift */; };
		7E29C82C2B74B5D500647D9F /* Colors.xcassets in Resources */ = {isa = PBXBuildFile; fileRef = 7E29C82B2B74B5D500647D9F /* Colors.xcassets */; };
		7E29C82E2B74B84E00647D9F /* XCAssets+Generated.swift in Sources */ = {isa = PBXBuildFile; fileRef = 7E29C82D2B74B84E00647D9F /* XCAssets+Generated.swift */; };
		7E29C8312B74B8CA00647D9F /* Images.xcassets in Resources */ = {isa = PBXBuildFile; fileRef = 7E29C8302B74B8CA00647D9F /* Images.xcassets */; };
		7E29C83B2B74C43C00647D9F /* UIFont + Extension.swift in Sources */ = {isa = PBXBuildFile; fileRef = 7E29C83A2B74C43C00647D9F /* UIFont + Extension.swift */; };
		7E29C8432B74C81D00647D9F /* CustomInputStackView.swift in Sources */ = {isa = PBXBuildFile; fileRef = 7E29C8422B74C81D00647D9F /* CustomInputStackView.swift */; };
		7E29C8452B74CA7500647D9F /* GlobalUIConstants.swift in Sources */ = {isa = PBXBuildFile; fileRef = 7E29C8442B74CA7500647D9F /* GlobalUIConstants.swift */; };
		7E29C8482B74CB0700647D9F /* CustomInputStackViewDelegate.swift in Sources */ = {isa = PBXBuildFile; fileRef = 7E29C8472B74CB0700647D9F /* CustomInputStackViewDelegate.swift */; };
		7E29C84B2B75191F00647D9F /* CustomButton.swift in Sources */ = {isa = PBXBuildFile; fileRef = 7E29C84A2B75191F00647D9F /* CustomButton.swift */; };
		7E29C84E2B751D9200647D9F /* AuthorizationViewController.swift in Sources */ = {isa = PBXBuildFile; fileRef = 7E29C84D2B751D9200647D9F /* AuthorizationViewController.swift */; };
		7E29C8582B7521DA00647D9F /* NetworkClient.swift in Sources */ = {isa = PBXBuildFile; fileRef = 7E29C8572B7521DA00647D9F /* NetworkClient.swift */; };
		7E29C85B2B75220100647D9F /* NetworkClientInputProtocol.swift in Sources */ = {isa = PBXBuildFile; fileRef = 7E29C85A2B75220100647D9F /* NetworkClientInputProtocol.swift */; };
		7E29C85F2B75226C00647D9F /* RegistrationConfigurator.swift in Sources */ = {isa = PBXBuildFile; fileRef = 7E29C85E2B75226C00647D9F /* RegistrationConfigurator.swift */; };
		7E29C8652B75234300647D9F /* RegistrationViewInputProtocol.swift in Sources */ = {isa = PBXBuildFile; fileRef = 7E29C8642B75234300647D9F /* RegistrationViewInputProtocol.swift */; };
		7E29C8672B75236C00647D9F /* RegistrationPresenter.swift in Sources */ = {isa = PBXBuildFile; fileRef = 7E29C8662B75236C00647D9F /* RegistrationPresenter.swift */; };
		7E29C86D2B75477E00647D9F /* Account.swift in Sources */ = {isa = PBXBuildFile; fileRef = 7E29C86C2B75477E00647D9F /* Account.swift */; };
		7E29C86F2B75480F00647D9F /* RegistrationViewOutputProtocol.swift in Sources */ = {isa = PBXBuildFile; fileRef = 7E29C86E2B75480F00647D9F /* RegistrationViewOutputProtocol.swift */; };
		7E29C8732B754B4C00647D9F /* RegistrationRouter.swift in Sources */ = {isa = PBXBuildFile; fileRef = 7E29C8722B754B4C00647D9F /* RegistrationRouter.swift */; };
		7E29C8762B754B6600647D9F /* RegistrationRouterInputProtocol.swift in Sources */ = {isa = PBXBuildFile; fileRef = 7E29C8752B754B6600647D9F /* RegistrationRouterInputProtocol.swift */; };
		7E29C8782B754C2400647D9F /* RegistrationInteractor.swift in Sources */ = {isa = PBXBuildFile; fileRef = 7E29C8772B754C2400647D9F /* RegistrationInteractor.swift */; };
		7E29C87B2B754C3500647D9F /* RegistrationInteractorInputProtocol.swift in Sources */ = {isa = PBXBuildFile; fileRef = 7E29C87A2B754C3500647D9F /* RegistrationInteractorInputProtocol.swift */; };
		7E29C87D2B754CF600647D9F /* RegistrationInteractorOutputProtocol.swift in Sources */ = {isa = PBXBuildFile; fileRef = 7E29C87C2B754CF600647D9F /* RegistrationInteractorOutputProtocol.swift */; };
		7E94FDDE2B75F23A00DAEAD1 /* Alamofire in Frameworks */ = {isa = PBXBuildFile; productRef = 7E94FDDD2B75F23A00DAEAD1 /* Alamofire */; };
		7E94FDE12B75F4F900DAEAD1 /* KeychainAccess in Frameworks */ = {isa = PBXBuildFile; productRef = 7E94FDE02B75F4F900DAEAD1 /* KeychainAccess */; };
		7E94FDE42B75F50F00DAEAD1 /* KeyChainStorage.swift in Sources */ = {isa = PBXBuildFile; fileRef = 7E94FDE32B75F50F00DAEAD1 /* KeyChainStorage.swift */; };
		7E94FDE92B761E3C00DAEAD1 /* Login.swift in Sources */ = {isa = PBXBuildFile; fileRef = 7E94FDE82B761E3C00DAEAD1 /* Login.swift */; };
		7E94FE002B7626BC00DAEAD1 /* AuthorizationViewInputProtocol.swift in Sources */ = {isa = PBXBuildFile; fileRef = 7E94FDFF2B7626BC00DAEAD1 /* AuthorizationViewInputProtocol.swift */; };
		7E94FE032B7626D500DAEAD1 /* AuthorizationViewOutputProtocols.swift in Sources */ = {isa = PBXBuildFile; fileRef = 7E94FE022B7626D500DAEAD1 /* AuthorizationViewOutputProtocols.swift */; };
		7E94FE052B76274E00DAEAD1 /* AuthorizationConfigurator.swift in Sources */ = {isa = PBXBuildFile; fileRef = 7E94FE042B76274E00DAEAD1 /* AuthorizationConfigurator.swift */; };
		7E94FE072B76280F00DAEAD1 /* AuthorizationPresenter.swift in Sources */ = {isa = PBXBuildFile; fileRef = 7E94FE062B76280F00DAEAD1 /* AuthorizationPresenter.swift */; };
		7E94FE0B2B76290B00DAEAD1 /* AuthorizationInteractor.swift in Sources */ = {isa = PBXBuildFile; fileRef = 7E94FE0A2B76290B00DAEAD1 /* AuthorizationInteractor.swift */; };
		7E94FE0D2B76291F00DAEAD1 /* AuthorizationInteractorInputProtocol.swift in Sources */ = {isa = PBXBuildFile; fileRef = 7E94FE0C2B76291F00DAEAD1 /* AuthorizationInteractorInputProtocol.swift */; };
		7E94FE0F2B76292D00DAEAD1 /* AuthorizationInteractorOutputProtocol.swift in Sources */ = {isa = PBXBuildFile; fileRef = 7E94FE0E2B76292D00DAEAD1 /* AuthorizationInteractorOutputProtocol.swift */; };
		7E94FE112B7629FC00DAEAD1 /* AuthorizationRouter.swift in Sources */ = {isa = PBXBuildFile; fileRef = 7E94FE102B7629FC00DAEAD1 /* AuthorizationRouter.swift */; };
		7E94FE142B762A1100DAEAD1 /* AuthorizationRouterInputProtocol.swift in Sources */ = {isa = PBXBuildFile; fileRef = 7E94FE132B762A1100DAEAD1 /* AuthorizationRouterInputProtocol.swift */; };
		7E94FE1A2B7633F000DAEAD1 /* NearestCafeterianViewController.swift in Sources */ = {isa = PBXBuildFile; fileRef = 7E94FE192B7633F000DAEAD1 /* NearestCafeterianViewController.swift */; };
		7E94FE1C2B76346F00DAEAD1 /* UIViewController + Extension.swift in Sources */ = {isa = PBXBuildFile; fileRef = 7E94FE1B2B76346F00DAEAD1 /* UIViewController + Extension.swift */; };
		7E94FE242B763C1500DAEAD1 /* CustomCollectionViewCell.swift in Sources */ = {isa = PBXBuildFile; fileRef = 7E94FE232B763C1500DAEAD1 /* CustomCollectionViewCell.swift */; };
		7E94FE2B2B76656500DAEAD1 /* NearestCafeterianConfigurator.swift in Sources */ = {isa = PBXBuildFile; fileRef = 7E94FE2A2B76656500DAEAD1 /* NearestCafeterianConfigurator.swift */; };
		7E94FE2E2B76657C00DAEAD1 /* NearestCafeterianViewControllerInputProtocol.swift in Sources */ = {isa = PBXBuildFile; fileRef = 7E94FE2D2B76657C00DAEAD1 /* NearestCafeterianViewControllerInputProtocol.swift */; };
		7E94FE302B76658600DAEAD1 /* NearestCafeterianViewOutputProtocol.swift in Sources */ = {isa = PBXBuildFile; fileRef = 7E94FE2F2B76658600DAEAD1 /* NearestCafeterianViewOutputProtocol.swift */; };
		7E94FE332B7665BD00DAEAD1 /* NearestCafeterianInteractorInputProtocol.swift in Sources */ = {isa = PBXBuildFile; fileRef = 7E94FE322B7665BD00DAEAD1 /* NearestCafeterianInteractorInputProtocol.swift */; };
		7E94FE352B7665C800DAEAD1 /* NearestCafeterianInteractorOutputProtocol.swift in Sources */ = {isa = PBXBuildFile; fileRef = 7E94FE342B7665C800DAEAD1 /* NearestCafeterianInteractorOutputProtocol.swift */; };
		7E94FE372B7665E100DAEAD1 /* NearestCafeterianPresenter.swift in Sources */ = {isa = PBXBuildFile; fileRef = 7E94FE362B7665E100DAEAD1 /* NearestCafeterianPresenter.swift */; };
		7E94FE3A2B7665F100DAEAD1 /* NearestCafeterianRouterInputProtocol.swift in Sources */ = {isa = PBXBuildFile; fileRef = 7E94FE392B7665F100DAEAD1 /* NearestCafeterianRouterInputProtocol.swift */; };
		7E94FE3C2B7665F600DAEAD1 /* NearestCafeterianRouter.swift in Sources */ = {isa = PBXBuildFile; fileRef = 7E94FE3B2B7665F600DAEAD1 /* NearestCafeterianRouter.swift */; };
		7E94FE3E2B76666800DAEAD1 /* NearestCafeterianInteractor.swift in Sources */ = {isa = PBXBuildFile; fileRef = 7E94FE3D2B76666800DAEAD1 /* NearestCafeterianInteractor.swift */; };
		7E94FE402B766A3D00DAEAD1 /* LocationDTO.swift in Sources */ = {isa = PBXBuildFile; fileRef = 7E94FE3F2B766A3D00DAEAD1 /* LocationDTO.swift */; };
		7E94FE422B766A6F00DAEAD1 /* Point.swift in Sources */ = {isa = PBXBuildFile; fileRef = 7E94FE412B766A6F00DAEAD1 /* Point.swift */; };
		7E94FE492B78C83500DAEAD1 /* LocationManager.swift in Sources */ = {isa = PBXBuildFile; fileRef = 7E94FE482B78C83400DAEAD1 /* LocationManager.swift */; };
		7E94FE4C2B78D49100DAEAD1 /* LocationManagerDelegate.swift in Sources */ = {isa = PBXBuildFile; fileRef = 7E94FE4B2B78D49100DAEAD1 /* LocationManagerDelegate.swift */; };
		7E94FE4E2B78D6D000DAEAD1 /* Location.swift in Sources */ = {isa = PBXBuildFile; fileRef = 7E94FE4D2B78D6D000DAEAD1 /* Location.swift */; };
		7E94FE572B78E84700DAEAD1 /* SnapKit in Frameworks */ = {isa = PBXBuildFile; productRef = 7E94FE562B78E84700DAEAD1 /* SnapKit */; };
		7E94FE5C2B78EEEE00DAEAD1 /* SnapKit-Dynamic in Frameworks */ = {isa = PBXBuildFile; productRef = 7E94FE5B2B78EEEE00DAEAD1 /* SnapKit-Dynamic */; settings = {ATTRIBUTES = (Weak, ); }; };
		7E94FE5E2B78EEEE00DAEAD1 /* SnapKit-Dynamic in Embed Frameworks */ = {isa = PBXBuildFile; productRef = 7E94FE5B2B78EEEE00DAEAD1 /* SnapKit-Dynamic */; settings = {ATTRIBUTES = (CodeSignOnCopy, ); }; };
		7E94FE672B79112900DAEAD1 /* MapViewController.swift in Sources */ = {isa = PBXBuildFile; fileRef = 7E94FE662B79112900DAEAD1 /* MapViewController.swift */; };
		7E94FE6A2B7912EE00DAEAD1 /* MapViewControllerInputProtocol.swift in Sources */ = {isa = PBXBuildFile; fileRef = 7E94FE692B7912EE00DAEAD1 /* MapViewControllerInputProtocol.swift */; };
		7E94FE6C2B7912F800DAEAD1 /* MapViewControllerOutputProtocol.swift in Sources */ = {isa = PBXBuildFile; fileRef = 7E94FE6B2B7912F800DAEAD1 /* MapViewControllerOutputProtocol.swift */; };
		7E94FE702B79177A00DAEAD1 /* MapInteractor.swift in Sources */ = {isa = PBXBuildFile; fileRef = 7E94FE6F2B79177A00DAEAD1 /* MapInteractor.swift */; };
		7E94FE722B7917BE00DAEAD1 /* MapInteractorInputProtocol.swift in Sources */ = {isa = PBXBuildFile; fileRef = 7E94FE712B7917BE00DAEAD1 /* MapInteractorInputProtocol.swift */; };
		7E94FE742B7917D000DAEAD1 /* MapInteractorOutputProtocol.swift in Sources */ = {isa = PBXBuildFile; fileRef = 7E94FE732B7917D000DAEAD1 /* MapInteractorOutputProtocol.swift */; };
		7E94FE762B7917E600DAEAD1 /* MapPresenter.swift in Sources */ = {isa = PBXBuildFile; fileRef = 7E94FE752B7917E600DAEAD1 /* MapPresenter.swift */; };
		7E94FE792B79181000DAEAD1 /* MapRouterInputProtocol.swift in Sources */ = {isa = PBXBuildFile; fileRef = 7E94FE782B79181000DAEAD1 /* MapRouterInputProtocol.swift */; };
		7E94FE7B2B79182400DAEAD1 /* MapRouter.swift in Sources */ = {isa = PBXBuildFile; fileRef = 7E94FE7A2B79182400DAEAD1 /* MapRouter.swift */; };
		7E94FE7D2B79194900DAEAD1 /* MapConfigurator.swift in Sources */ = {isa = PBXBuildFile; fileRef = 7E94FE7C2B79194900DAEAD1 /* MapConfigurator.swift */; };
		7E94FE862B793A3D00DAEAD1 /* MapConfiguratorProtocol.swift in Sources */ = {isa = PBXBuildFile; fileRef = 7E94FE852B793A3D00DAEAD1 /* MapConfiguratorProtocol.swift */; };
		7E94FE8C2B793E7C00DAEAD1 /* MapPresenterInputProtocol.swift in Sources */ = {isa = PBXBuildFile; fileRef = 7E94FE8B2B793E7C00DAEAD1 /* MapPresenterInputProtocol.swift */; };
		7E94FE8F2B79487700DAEAD1 /* Placemark.swift in Sources */ = {isa = PBXBuildFile; fileRef = 7E94FE8E2B79487700DAEAD1 /* Placemark.swift */; };
		7E94FE9A2B7966A900DAEAD1 /* MenuViewController.swift in Sources */ = {isa = PBXBuildFile; fileRef = 7E94FE992B7966A900DAEAD1 /* MenuViewController.swift */; };
		7E94FE9D2B79673500DAEAD1 /* MenuCollectionViewCell.swift in Sources */ = {isa = PBXBuildFile; fileRef = 7E94FE9C2B79673500DAEAD1 /* MenuCollectionViewCell.swift */; };
		7E94FEA12B7968EA00DAEAD1 /* CustomStepper.swift in Sources */ = {isa = PBXBuildFile; fileRef = 7E94FEA02B7968EA00DAEAD1 /* CustomStepper.swift */; };
		7E94FEA42B79726200DAEAD1 /* MenuConfiguratorProtocol.swift in Sources */ = {isa = PBXBuildFile; fileRef = 7E94FEA32B79726200DAEAD1 /* MenuConfiguratorProtocol.swift */; };
		7E94FEA72B79736900DAEAD1 /* MenuConfigurator.swift in Sources */ = {isa = PBXBuildFile; fileRef = 7E94FEA62B79736900DAEAD1 /* MenuConfigurator.swift */; };
		7E94FEAA2B79739300DAEAD1 /* MenuViewControllerInputProtocol.swift in Sources */ = {isa = PBXBuildFile; fileRef = 7E94FEA92B79739300DAEAD1 /* MenuViewControllerInputProtocol.swift */; };
		7E94FEAC2B7973A900DAEAD1 /* MenuViewControllerOutputProtocol.swift in Sources */ = {isa = PBXBuildFile; fileRef = 7E94FEAB2B7973A900DAEAD1 /* MenuViewControllerOutputProtocol.swift */; };
		7E94FEAF2B7973C600DAEAD1 /* MenuInteractorInputProtocol.swift in Sources */ = {isa = PBXBuildFile; fileRef = 7E94FEAE2B7973C600DAEAD1 /* MenuInteractorInputProtocol.swift */; };
		7E94FEB12B7973E200DAEAD1 /* MenuInteractorOutputProtocol.swift in Sources */ = {isa = PBXBuildFile; fileRef = 7E94FEB02B7973E200DAEAD1 /* MenuInteractorOutputProtocol.swift */; };
		7E94FEB32B7973ED00DAEAD1 /* MenuInteractor.swift in Sources */ = {isa = PBXBuildFile; fileRef = 7E94FEB22B7973ED00DAEAD1 /* MenuInteractor.swift */; };
		7E94FEB72B79744800DAEAD1 /* MenuPresenterOutputProtocol.swift in Sources */ = {isa = PBXBuildFile; fileRef = 7E94FEB62B79744800DAEAD1 /* MenuPresenterOutputProtocol.swift */; };
		7E94FEB92B79745B00DAEAD1 /* MenuPresenter.swift in Sources */ = {isa = PBXBuildFile; fileRef = 7E94FEB82B79745B00DAEAD1 /* MenuPresenter.swift */; };
		7E94FEBB2B79748400DAEAD1 /* Product.swift in Sources */ = {isa = PBXBuildFile; fileRef = 7E94FEBA2B79748400DAEAD1 /* Product.swift */; };
		7E94FEBF2B7974C000DAEAD1 /* MenuRouterInputProtocol.swift in Sources */ = {isa = PBXBuildFile; fileRef = 7E94FEBE2B7974C000DAEAD1 /* MenuRouterInputProtocol.swift */; };
		7E94FEC12B7974C700DAEAD1 /* MenuRouter.swift in Sources */ = {isa = PBXBuildFile; fileRef = 7E94FEC02B7974C700DAEAD1 /* MenuRouter.swift */; };
		7E94FEC32B7975F200DAEAD1 /* MenuPresenterInputProtocol.swift in Sources */ = {isa = PBXBuildFile; fileRef = 7E94FEC22B7975F200DAEAD1 /* MenuPresenterInputProtocol.swift */; };
		7E94FEC62B7A0D5100DAEAD1 /* Kingfisher in Frameworks */ = {isa = PBXBuildFile; productRef = 7E94FEC52B7A0D5100DAEAD1 /* Kingfisher */; };
		7E94FEC82B7A180D00DAEAD1 /* UIView + Extension.swift in Sources */ = {isa = PBXBuildFile; fileRef = 7E94FEC72B7A180D00DAEAD1 /* UIView + Extension.swift */; };
		7E94FED42B7A26C200DAEAD1 /* MenuCollectionViewCellDelegate.swift in Sources */ = {isa = PBXBuildFile; fileRef = 7E94FED32B7A26C200DAEAD1 /* MenuCollectionViewCellDelegate.swift */; };
		7E94FED62B7A274100DAEAD1 /* Order.swift in Sources */ = {isa = PBXBuildFile; fileRef = 7E94FED52B7A274100DAEAD1 /* Order.swift */; };
		7E94FED82B7A27BE00DAEAD1 /* ProductDTO.swift in Sources */ = {isa = PBXBuildFile; fileRef = 7E94FED72B7A27BE00DAEAD1 /* ProductDTO.swift */; };
		7E94FEDB2B7A2B0600DAEAD1 /* OrderViewController.swift in Sources */ = {isa = PBXBuildFile; fileRef = 7E94FEDA2B7A2B0600DAEAD1 /* OrderViewController.swift */; };
		7E94FEE02B7A307900DAEAD1 /* OrderViewControllerInputProtocol.swift in Sources */ = {isa = PBXBuildFile; fileRef = 7E94FEDF2B7A307900DAEAD1 /* OrderViewControllerInputProtocol.swift */; };
		7E94FEE22B7A308600DAEAD1 /* OrderViewControllerOutputProtocol.swift in Sources */ = {isa = PBXBuildFile; fileRef = 7E94FEE12B7A308600DAEAD1 /* OrderViewControllerOutputProtocol.swift */; };
		7E94FEE52B7A30AD00DAEAD1 /* OrderConfiguratorProtocol.swift in Sources */ = {isa = PBXBuildFile; fileRef = 7E94FEE42B7A30AD00DAEAD1 /* OrderConfiguratorProtocol.swift */; };
		7E94FEE72B7A30BC00DAEAD1 /* OrderConfigurator.swift in Sources */ = {isa = PBXBuildFile; fileRef = 7E94FEE62B7A30BC00DAEAD1 /* OrderConfigurator.swift */; };
		7E94FEEB2B7A30E100DAEAD1 /* OrderInteractorInputProtocol.swift in Sources */ = {isa = PBXBuildFile; fileRef = 7E94FEEA2B7A30E100DAEAD1 /* OrderInteractorInputProtocol.swift */; };
		7E94FEED2B7A30F400DAEAD1 /* OrderInteractorOutputProtocol.swift in Sources */ = {isa = PBXBuildFile; fileRef = 7E94FEEC2B7A30F400DAEAD1 /* OrderInteractorOutputProtocol.swift */; };
		7E94FEEF2B7A314300DAEAD1 /* OrderInteractor.swift in Sources */ = {isa = PBXBuildFile; fileRef = 7E94FEEE2B7A314300DAEAD1 /* OrderInteractor.swift */; };
		7E94FEF12B7A318100DAEAD1 /* OrderPresenter.swift in Sources */ = {isa = PBXBuildFile; fileRef = 7E94FEF02B7A318100DAEAD1 /* OrderPresenter.swift */; };
		7E94FEF62B7A31BF00DAEAD1 /* OrderRouter.swift in Sources */ = {isa = PBXBuildFile; fileRef = 7E94FEF52B7A31BF00DAEAD1 /* OrderRouter.swift */; };
		7E94FEF92B7A358D00DAEAD1 /* CustomStepperDelegate.swift in Sources */ = {isa = PBXBuildFile; fileRef = 7E94FEF82B7A358D00DAEAD1 /* CustomStepperDelegate.swift */; };
		7E94FEFC2B7A373C00DAEAD1 /* OrderPresenterInputProtocol.swift in Sources */ = {isa = PBXBuildFile; fileRef = 7E94FEFB2B7A373C00DAEAD1 /* OrderPresenterInputProtocol.swift */; };
		7E94FF002B7A3BE000DAEAD1 /* OrderRouterDelegate.swift in Sources */ = {isa = PBXBuildFile; fileRef = 7E94FEFF2B7A3BE000DAEAD1 /* OrderRouterDelegate.swift */; };
		7E94FF022B7A3CBB00DAEAD1 /* OrderRouterInputProtocol.swift in Sources */ = {isa = PBXBuildFile; fileRef = 7E94FF012B7A3CBB00DAEAD1 /* OrderRouterInputProtocol.swift */; };
		7ED51D302B75EC6200696C84 /* Resources.swift in Sources */ = {isa = PBXBuildFile; fileRef = 7ED51D2F2B75EC6200696C84 /* Resources.swift */; };
		7ED51D322B75F13500696C84 /* AuthorizationDTO.swift in Sources */ = {isa = PBXBuildFile; fileRef = 7ED51D312B75F13500696C84 /* AuthorizationDTO.swift */; };
		E0CE78FD3DD3822A4E402A50 /* Pods_Cafeteria.framework in Frameworks */ = {isa = PBXBuildFile; fileRef = A62C2EE9A4BC9D76B5800562 /* Pods_Cafeteria.framework */; };
/* End PBXBuildFile section */

/* Begin PBXCopyFilesBuildPhase section */
		7E94FE5D2B78EEEE00DAEAD1 /* Embed Frameworks */ = {
			isa = PBXCopyFilesBuildPhase;
			buildActionMask = 2147483647;
			dstPath = "";
			dstSubfolderSpec = 10;
			files = (
				7E94FE5E2B78EEEE00DAEAD1 /* SnapKit-Dynamic in Embed Frameworks */,
			);
			name = "Embed Frameworks";
			runOnlyForDeploymentPostprocessing = 0;
		};
/* End PBXCopyFilesBuildPhase section */

/* Begin PBXFileReference section */
		375A65FEC38FB097B3A0BC7F /* Pods-Cafeteria.release.xcconfig */ = {isa = PBXFileReference; includeInIndex = 1; lastKnownFileType = text.xcconfig; name = "Pods-Cafeteria.release.xcconfig"; path = "Target Support Files/Pods-Cafeteria/Pods-Cafeteria.release.xcconfig"; sourceTree = "<group>"; };
		7E29C8032B74B1F400647D9F /* Cafeteria.app */ = {isa = PBXFileReference; explicitFileType = wrapper.application; includeInIndex = 0; path = Cafeteria.app; sourceTree = BUILT_PRODUCTS_DIR; };
		7E29C8062B74B1F400647D9F /* AppDelegate.swift */ = {isa = PBXFileReference; lastKnownFileType = sourcecode.swift; path = AppDelegate.swift; sourceTree = "<group>"; };
		7E29C8082B74B1F400647D9F /* SceneDelegate.swift */ = {isa = PBXFileReference; lastKnownFileType = sourcecode.swift; path = SceneDelegate.swift; sourceTree = "<group>"; };
		7E29C80A2B74B1F400647D9F /* RegistrationViewController.swift */ = {isa = PBXFileReference; lastKnownFileType = sourcecode.swift; path = RegistrationViewController.swift; sourceTree = "<group>"; };
		7E29C80F2B74B1F600647D9F /* Assets.xcassets */ = {isa = PBXFileReference; lastKnownFileType = folder.assetcatalog; path = Assets.xcassets; sourceTree = "<group>"; };
		7E29C8142B74B1F600647D9F /* Info.plist */ = {isa = PBXFileReference; lastKnownFileType = text.plist.xml; path = Info.plist; sourceTree = "<group>"; };
		7E29C81E2B74B3EF00647D9F /* ru */ = {isa = PBXFileReference; lastKnownFileType = file.storyboard; name = ru; path = ru.lproj/LaunchScreen.storyboard; sourceTree = "<group>"; };
		7E29C8252B74B4CA00647D9F /* ru */ = {isa = PBXFileReference; lastKnownFileType = text.plist.strings; name = ru; path = ru.lproj/Localizable.strings; sourceTree = "<group>"; };
		7E29C8282B74B58000647D9F /* Strings+Generated.swift */ = {isa = PBXFileReference; fileEncoding = 4; lastKnownFileType = sourcecode.swift; path = "Strings+Generated.swift"; sourceTree = "<group>"; };
		7E29C82B2B74B5D500647D9F /* Colors.xcassets */ = {isa = PBXFileReference; lastKnownFileType = folder.assetcatalog; path = Colors.xcassets; sourceTree = "<group>"; };
		7E29C82D2B74B84E00647D9F /* XCAssets+Generated.swift */ = {isa = PBXFileReference; fileEncoding = 4; lastKnownFileType = sourcecode.swift; path = "XCAssets+Generated.swift"; sourceTree = "<group>"; };
		7E29C8302B74B8CA00647D9F /* Images.xcassets */ = {isa = PBXFileReference; lastKnownFileType = folder.assetcatalog; path = Images.xcassets; sourceTree = "<group>"; };
		7E29C83A2B74C43C00647D9F /* UIFont + Extension.swift */ = {isa = PBXFileReference; lastKnownFileType = sourcecode.swift; path = "UIFont + Extension.swift"; sourceTree = "<group>"; };
		7E29C8422B74C81D00647D9F /* CustomInputStackView.swift */ = {isa = PBXFileReference; lastKnownFileType = sourcecode.swift; path = CustomInputStackView.swift; sourceTree = "<group>"; };
		7E29C8442B74CA7500647D9F /* GlobalUIConstants.swift */ = {isa = PBXFileReference; lastKnownFileType = sourcecode.swift; path = GlobalUIConstants.swift; sourceTree = "<group>"; };
		7E29C8472B74CB0700647D9F /* CustomInputStackViewDelegate.swift */ = {isa = PBXFileReference; lastKnownFileType = sourcecode.swift; path = CustomInputStackViewDelegate.swift; sourceTree = "<group>"; };
		7E29C84A2B75191F00647D9F /* CustomButton.swift */ = {isa = PBXFileReference; lastKnownFileType = sourcecode.swift; path = CustomButton.swift; sourceTree = "<group>"; };
		7E29C84D2B751D9200647D9F /* AuthorizationViewController.swift */ = {isa = PBXFileReference; lastKnownFileType = sourcecode.swift; path = AuthorizationViewController.swift; sourceTree = "<group>"; };
		7E29C8572B7521DA00647D9F /* NetworkClient.swift */ = {isa = PBXFileReference; lastKnownFileType = sourcecode.swift; path = NetworkClient.swift; sourceTree = "<group>"; };
		7E29C85A2B75220100647D9F /* NetworkClientInputProtocol.swift */ = {isa = PBXFileReference; lastKnownFileType = sourcecode.swift; path = NetworkClientInputProtocol.swift; sourceTree = "<group>"; };
		7E29C85E2B75226C00647D9F /* RegistrationConfigurator.swift */ = {isa = PBXFileReference; lastKnownFileType = sourcecode.swift; path = RegistrationConfigurator.swift; sourceTree = "<group>"; };
		7E29C8642B75234300647D9F /* RegistrationViewInputProtocol.swift */ = {isa = PBXFileReference; lastKnownFileType = sourcecode.swift; path = RegistrationViewInputProtocol.swift; sourceTree = "<group>"; };
		7E29C8662B75236C00647D9F /* RegistrationPresenter.swift */ = {isa = PBXFileReference; lastKnownFileType = sourcecode.swift; path = RegistrationPresenter.swift; sourceTree = "<group>"; };
		7E29C86C2B75477E00647D9F /* Account.swift */ = {isa = PBXFileReference; lastKnownFileType = sourcecode.swift; path = Account.swift; sourceTree = "<group>"; };
		7E29C86E2B75480F00647D9F /* RegistrationViewOutputProtocol.swift */ = {isa = PBXFileReference; lastKnownFileType = sourcecode.swift; path = RegistrationViewOutputProtocol.swift; sourceTree = "<group>"; };
		7E29C8722B754B4C00647D9F /* RegistrationRouter.swift */ = {isa = PBXFileReference; lastKnownFileType = sourcecode.swift; path = RegistrationRouter.swift; sourceTree = "<group>"; };
		7E29C8752B754B6600647D9F /* RegistrationRouterInputProtocol.swift */ = {isa = PBXFileReference; lastKnownFileType = sourcecode.swift; path = RegistrationRouterInputProtocol.swift; sourceTree = "<group>"; };
		7E29C8772B754C2400647D9F /* RegistrationInteractor.swift */ = {isa = PBXFileReference; lastKnownFileType = sourcecode.swift; path = RegistrationInteractor.swift; sourceTree = "<group>"; };
		7E29C87A2B754C3500647D9F /* RegistrationInteractorInputProtocol.swift */ = {isa = PBXFileReference; lastKnownFileType = sourcecode.swift; path = RegistrationInteractorInputProtocol.swift; sourceTree = "<group>"; };
		7E29C87C2B754CF600647D9F /* RegistrationInteractorOutputProtocol.swift */ = {isa = PBXFileReference; lastKnownFileType = sourcecode.swift; path = RegistrationInteractorOutputProtocol.swift; sourceTree = "<group>"; };
		7E94FDE32B75F50F00DAEAD1 /* KeyChainStorage.swift */ = {isa = PBXFileReference; lastKnownFileType = sourcecode.swift; path = KeyChainStorage.swift; sourceTree = "<group>"; };
		7E94FDE82B761E3C00DAEAD1 /* Login.swift */ = {isa = PBXFileReference; lastKnownFileType = sourcecode.swift; path = Login.swift; sourceTree = "<group>"; };
		7E94FDFF2B7626BC00DAEAD1 /* AuthorizationViewInputProtocol.swift */ = {isa = PBXFileReference; lastKnownFileType = sourcecode.swift; path = AuthorizationViewInputProtocol.swift; sourceTree = "<group>"; };
		7E94FE022B7626D500DAEAD1 /* AuthorizationViewOutputProtocols.swift */ = {isa = PBXFileReference; lastKnownFileType = sourcecode.swift; path = AuthorizationViewOutputProtocols.swift; sourceTree = "<group>"; };
		7E94FE042B76274E00DAEAD1 /* AuthorizationConfigurator.swift */ = {isa = PBXFileReference; lastKnownFileType = sourcecode.swift; path = AuthorizationConfigurator.swift; sourceTree = "<group>"; };
		7E94FE062B76280F00DAEAD1 /* AuthorizationPresenter.swift */ = {isa = PBXFileReference; lastKnownFileType = sourcecode.swift; path = AuthorizationPresenter.swift; sourceTree = "<group>"; };
		7E94FE0A2B76290B00DAEAD1 /* AuthorizationInteractor.swift */ = {isa = PBXFileReference; lastKnownFileType = sourcecode.swift; path = AuthorizationInteractor.swift; sourceTree = "<group>"; };
		7E94FE0C2B76291F00DAEAD1 /* AuthorizationInteractorInputProtocol.swift */ = {isa = PBXFileReference; lastKnownFileType = sourcecode.swift; path = AuthorizationInteractorInputProtocol.swift; sourceTree = "<group>"; };
		7E94FE0E2B76292D00DAEAD1 /* AuthorizationInteractorOutputProtocol.swift */ = {isa = PBXFileReference; lastKnownFileType = sourcecode.swift; path = AuthorizationInteractorOutputProtocol.swift; sourceTree = "<group>"; };
		7E94FE102B7629FC00DAEAD1 /* AuthorizationRouter.swift */ = {isa = PBXFileReference; lastKnownFileType = sourcecode.swift; path = AuthorizationRouter.swift; sourceTree = "<group>"; };
		7E94FE132B762A1100DAEAD1 /* AuthorizationRouterInputProtocol.swift */ = {isa = PBXFileReference; lastKnownFileType = sourcecode.swift; path = AuthorizationRouterInputProtocol.swift; sourceTree = "<group>"; };
		7E94FE192B7633F000DAEAD1 /* NearestCafeterianViewController.swift */ = {isa = PBXFileReference; lastKnownFileType = sourcecode.swift; path = NearestCafeterianViewController.swift; sourceTree = "<group>"; };
		7E94FE1B2B76346F00DAEAD1 /* UIViewController + Extension.swift */ = {isa = PBXFileReference; lastKnownFileType = sourcecode.swift; path = "UIViewController + Extension.swift"; sourceTree = "<group>"; };
		7E94FE232B763C1500DAEAD1 /* CustomCollectionViewCell.swift */ = {isa = PBXFileReference; lastKnownFileType = sourcecode.swift; path = CustomCollectionViewCell.swift; sourceTree = "<group>"; };
		7E94FE2A2B76656500DAEAD1 /* NearestCafeterianConfigurator.swift */ = {isa = PBXFileReference; lastKnownFileType = sourcecode.swift; path = NearestCafeterianConfigurator.swift; sourceTree = "<group>"; };
		7E94FE2D2B76657C00DAEAD1 /* NearestCafeterianViewControllerInputProtocol.swift */ = {isa = PBXFileReference; lastKnownFileType = sourcecode.swift; path = NearestCafeterianViewControllerInputProtocol.swift; sourceTree = "<group>"; };
		7E94FE2F2B76658600DAEAD1 /* NearestCafeterianViewOutputProtocol.swift */ = {isa = PBXFileReference; lastKnownFileType = sourcecode.swift; path = NearestCafeterianViewOutputProtocol.swift; sourceTree = "<group>"; };
		7E94FE322B7665BD00DAEAD1 /* NearestCafeterianInteractorInputProtocol.swift */ = {isa = PBXFileReference; lastKnownFileType = sourcecode.swift; path = NearestCafeterianInteractorInputProtocol.swift; sourceTree = "<group>"; };
		7E94FE342B7665C800DAEAD1 /* NearestCafeterianInteractorOutputProtocol.swift */ = {isa = PBXFileReference; lastKnownFileType = sourcecode.swift; path = NearestCafeterianInteractorOutputProtocol.swift; sourceTree = "<group>"; };
		7E94FE362B7665E100DAEAD1 /* NearestCafeterianPresenter.swift */ = {isa = PBXFileReference; lastKnownFileType = sourcecode.swift; path = NearestCafeterianPresenter.swift; sourceTree = "<group>"; };
		7E94FE392B7665F100DAEAD1 /* NearestCafeterianRouterInputProtocol.swift */ = {isa = PBXFileReference; lastKnownFileType = sourcecode.swift; path = NearestCafeterianRouterInputProtocol.swift; sourceTree = "<group>"; };
		7E94FE3B2B7665F600DAEAD1 /* NearestCafeterianRouter.swift */ = {isa = PBXFileReference; lastKnownFileType = sourcecode.swift; path = NearestCafeterianRouter.swift; sourceTree = "<group>"; };
		7E94FE3D2B76666800DAEAD1 /* NearestCafeterianInteractor.swift */ = {isa = PBXFileReference; lastKnownFileType = sourcecode.swift; path = NearestCafeterianInteractor.swift; sourceTree = "<group>"; };
		7E94FE3F2B766A3D00DAEAD1 /* LocationDTO.swift */ = {isa = PBXFileReference; lastKnownFileType = sourcecode.swift; path = LocationDTO.swift; sourceTree = "<group>"; };
		7E94FE412B766A6F00DAEAD1 /* Point.swift */ = {isa = PBXFileReference; lastKnownFileType = sourcecode.swift; path = Point.swift; sourceTree = "<group>"; };
		7E94FE482B78C83400DAEAD1 /* LocationManager.swift */ = {isa = PBXFileReference; lastKnownFileType = sourcecode.swift; path = LocationManager.swift; sourceTree = "<group>"; };
		7E94FE4B2B78D49100DAEAD1 /* LocationManagerDelegate.swift */ = {isa = PBXFileReference; lastKnownFileType = sourcecode.swift; path = LocationManagerDelegate.swift; sourceTree = "<group>"; };
		7E94FE4D2B78D6D000DAEAD1 /* Location.swift */ = {isa = PBXFileReference; lastKnownFileType = sourcecode.swift; path = Location.swift; sourceTree = "<group>"; };
		7E94FE662B79112900DAEAD1 /* MapViewController.swift */ = {isa = PBXFileReference; lastKnownFileType = sourcecode.swift; path = MapViewController.swift; sourceTree = "<group>"; };
		7E94FE692B7912EE00DAEAD1 /* MapViewControllerInputProtocol.swift */ = {isa = PBXFileReference; lastKnownFileType = sourcecode.swift; path = MapViewControllerInputProtocol.swift; sourceTree = "<group>"; };
		7E94FE6B2B7912F800DAEAD1 /* MapViewControllerOutputProtocol.swift */ = {isa = PBXFileReference; lastKnownFileType = sourcecode.swift; path = MapViewControllerOutputProtocol.swift; sourceTree = "<group>"; };
		7E94FE6F2B79177A00DAEAD1 /* MapInteractor.swift */ = {isa = PBXFileReference; lastKnownFileType = sourcecode.swift; path = MapInteractor.swift; sourceTree = "<group>"; };
		7E94FE712B7917BE00DAEAD1 /* MapInteractorInputProtocol.swift */ = {isa = PBXFileReference; lastKnownFileType = sourcecode.swift; path = MapInteractorInputProtocol.swift; sourceTree = "<group>"; };
		7E94FE732B7917D000DAEAD1 /* MapInteractorOutputProtocol.swift */ = {isa = PBXFileReference; lastKnownFileType = sourcecode.swift; path = MapInteractorOutputProtocol.swift; sourceTree = "<group>"; };
		7E94FE752B7917E600DAEAD1 /* MapPresenter.swift */ = {isa = PBXFileReference; lastKnownFileType = sourcecode.swift; path = MapPresenter.swift; sourceTree = "<group>"; };
		7E94FE782B79181000DAEAD1 /* MapRouterInputProtocol.swift */ = {isa = PBXFileReference; lastKnownFileType = sourcecode.swift; path = MapRouterInputProtocol.swift; sourceTree = "<group>"; };
		7E94FE7A2B79182400DAEAD1 /* MapRouter.swift */ = {isa = PBXFileReference; lastKnownFileType = sourcecode.swift; path = MapRouter.swift; sourceTree = "<group>"; };
		7E94FE7C2B79194900DAEAD1 /* MapConfigurator.swift */ = {isa = PBXFileReference; lastKnownFileType = sourcecode.swift; path = MapConfigurator.swift; sourceTree = "<group>"; };
		7E94FE852B793A3D00DAEAD1 /* MapConfiguratorProtocol.swift */ = {isa = PBXFileReference; lastKnownFileType = sourcecode.swift; path = MapConfiguratorProtocol.swift; sourceTree = "<group>"; };
		7E94FE8B2B793E7C00DAEAD1 /* MapPresenterInputProtocol.swift */ = {isa = PBXFileReference; lastKnownFileType = sourcecode.swift; path = MapPresenterInputProtocol.swift; sourceTree = "<group>"; };
		7E94FE8E2B79487700DAEAD1 /* Placemark.swift */ = {isa = PBXFileReference; lastKnownFileType = sourcecode.swift; path = Placemark.swift; sourceTree = "<group>"; };
		7E94FE992B7966A900DAEAD1 /* MenuViewController.swift */ = {isa = PBXFileReference; lastKnownFileType = sourcecode.swift; path = MenuViewController.swift; sourceTree = "<group>"; };
		7E94FE9C2B79673500DAEAD1 /* MenuCollectionViewCell.swift */ = {isa = PBXFileReference; lastKnownFileType = sourcecode.swift; path = MenuCollectionViewCell.swift; sourceTree = "<group>"; };
		7E94FEA02B7968EA00DAEAD1 /* CustomStepper.swift */ = {isa = PBXFileReference; lastKnownFileType = sourcecode.swift; path = CustomStepper.swift; sourceTree = "<group>"; };
		7E94FEA32B79726200DAEAD1 /* MenuConfiguratorProtocol.swift */ = {isa = PBXFileReference; lastKnownFileType = sourcecode.swift; path = MenuConfiguratorProtocol.swift; sourceTree = "<group>"; };
		7E94FEA62B79736900DAEAD1 /* MenuConfigurator.swift */ = {isa = PBXFileReference; lastKnownFileType = sourcecode.swift; path = MenuConfigurator.swift; sourceTree = "<group>"; };
		7E94FEA92B79739300DAEAD1 /* MenuViewControllerInputProtocol.swift */ = {isa = PBXFileReference; lastKnownFileType = sourcecode.swift; path = MenuViewControllerInputProtocol.swift; sourceTree = "<group>"; };
		7E94FEAB2B7973A900DAEAD1 /* MenuViewControllerOutputProtocol.swift */ = {isa = PBXFileReference; lastKnownFileType = sourcecode.swift; path = MenuViewControllerOutputProtocol.swift; sourceTree = "<group>"; };
		7E94FEAE2B7973C600DAEAD1 /* MenuInteractorInputProtocol.swift */ = {isa = PBXFileReference; lastKnownFileType = sourcecode.swift; path = MenuInteractorInputProtocol.swift; sourceTree = "<group>"; };
		7E94FEB02B7973E200DAEAD1 /* MenuInteractorOutputProtocol.swift */ = {isa = PBXFileReference; lastKnownFileType = sourcecode.swift; path = MenuInteractorOutputProtocol.swift; sourceTree = "<group>"; };
		7E94FEB22B7973ED00DAEAD1 /* MenuInteractor.swift */ = {isa = PBXFileReference; lastKnownFileType = sourcecode.swift; path = MenuInteractor.swift; sourceTree = "<group>"; };
		7E94FEB62B79744800DAEAD1 /* MenuPresenterOutputProtocol.swift */ = {isa = PBXFileReference; lastKnownFileType = sourcecode.swift; path = MenuPresenterOutputProtocol.swift; sourceTree = "<group>"; };
		7E94FEB82B79745B00DAEAD1 /* MenuPresenter.swift */ = {isa = PBXFileReference; lastKnownFileType = sourcecode.swift; path = MenuPresenter.swift; sourceTree = "<group>"; };
		7E94FEBA2B79748400DAEAD1 /* Product.swift */ = {isa = PBXFileReference; lastKnownFileType = sourcecode.swift; path = Product.swift; sourceTree = "<group>"; };
		7E94FEBE2B7974C000DAEAD1 /* MenuRouterInputProtocol.swift */ = {isa = PBXFileReference; lastKnownFileType = sourcecode.swift; path = MenuRouterInputProtocol.swift; sourceTree = "<group>"; };
		7E94FEC02B7974C700DAEAD1 /* MenuRouter.swift */ = {isa = PBXFileReference; lastKnownFileType = sourcecode.swift; path = MenuRouter.swift; sourceTree = "<group>"; };
		7E94FEC22B7975F200DAEAD1 /* MenuPresenterInputProtocol.swift */ = {isa = PBXFileReference; lastKnownFileType = sourcecode.swift; path = MenuPresenterInputProtocol.swift; sourceTree = "<group>"; };
		7E94FEC72B7A180D00DAEAD1 /* UIView + Extension.swift */ = {isa = PBXFileReference; lastKnownFileType = sourcecode.swift; path = "UIView + Extension.swift"; sourceTree = "<group>"; };
		7E94FED32B7A26C200DAEAD1 /* MenuCollectionViewCellDelegate.swift */ = {isa = PBXFileReference; lastKnownFileType = sourcecode.swift; path = MenuCollectionViewCellDelegate.swift; sourceTree = "<group>"; };
		7E94FED52B7A274100DAEAD1 /* Order.swift */ = {isa = PBXFileReference; lastKnownFileType = sourcecode.swift; path = Order.swift; sourceTree = "<group>"; };
		7E94FED72B7A27BE00DAEAD1 /* ProductDTO.swift */ = {isa = PBXFileReference; lastKnownFileType = sourcecode.swift; path = ProductDTO.swift; sourceTree = "<group>"; };
		7E94FEDA2B7A2B0600DAEAD1 /* OrderViewController.swift */ = {isa = PBXFileReference; lastKnownFileType = sourcecode.swift; path = OrderViewController.swift; sourceTree = "<group>"; };
		7E94FEDF2B7A307900DAEAD1 /* OrderViewControllerInputProtocol.swift */ = {isa = PBXFileReference; lastKnownFileType = sourcecode.swift; path = OrderViewControllerInputProtocol.swift; sourceTree = "<group>"; };
		7E94FEE12B7A308600DAEAD1 /* OrderViewControllerOutputProtocol.swift */ = {isa = PBXFileReference; lastKnownFileType = sourcecode.swift; path = OrderViewControllerOutputProtocol.swift; sourceTree = "<group>"; };
		7E94FEE42B7A30AD00DAEAD1 /* OrderConfiguratorProtocol.swift */ = {isa = PBXFileReference; lastKnownFileType = sourcecode.swift; path = OrderConfiguratorProtocol.swift; sourceTree = "<group>"; };
		7E94FEE62B7A30BC00DAEAD1 /* OrderConfigurator.swift */ = {isa = PBXFileReference; lastKnownFileType = sourcecode.swift; path = OrderConfigurator.swift; sourceTree = "<group>"; };
		7E94FEEA2B7A30E100DAEAD1 /* OrderInteractorInputProtocol.swift */ = {isa = PBXFileReference; lastKnownFileType = sourcecode.swift; path = OrderInteractorInputProtocol.swift; sourceTree = "<group>"; };
		7E94FEEC2B7A30F400DAEAD1 /* OrderInteractorOutputProtocol.swift */ = {isa = PBXFileReference; lastKnownFileType = sourcecode.swift; path = OrderInteractorOutputProtocol.swift; sourceTree = "<group>"; };
		7E94FEEE2B7A314300DAEAD1 /* OrderInteractor.swift */ = {isa = PBXFileReference; lastKnownFileType = sourcecode.swift; path = OrderInteractor.swift; sourceTree = "<group>"; };
		7E94FEF02B7A318100DAEAD1 /* OrderPresenter.swift */ = {isa = PBXFileReference; lastKnownFileType = sourcecode.swift; path = OrderPresenter.swift; sourceTree = "<group>"; };
		7E94FEF52B7A31BF00DAEAD1 /* OrderRouter.swift */ = {isa = PBXFileReference; lastKnownFileType = sourcecode.swift; path = OrderRouter.swift; sourceTree = "<group>"; };
		7E94FEF82B7A358D00DAEAD1 /* CustomStepperDelegate.swift */ = {isa = PBXFileReference; lastKnownFileType = sourcecode.swift; path = CustomStepperDelegate.swift; sourceTree = "<group>"; };
		7E94FEFB2B7A373C00DAEAD1 /* OrderPresenterInputProtocol.swift */ = {isa = PBXFileReference; lastKnownFileType = sourcecode.swift; path = OrderPresenterInputProtocol.swift; sourceTree = "<group>"; };
		7E94FEFF2B7A3BE000DAEAD1 /* OrderRouterDelegate.swift */ = {isa = PBXFileReference; lastKnownFileType = sourcecode.swift; path = OrderRouterDelegate.swift; sourceTree = "<group>"; };
		7E94FF012B7A3CBB00DAEAD1 /* OrderRouterInputProtocol.swift */ = {isa = PBXFileReference; lastKnownFileType = sourcecode.swift; path = OrderRouterInputProtocol.swift; sourceTree = "<group>"; };
		7ED51D2F2B75EC6200696C84 /* Resources.swift */ = {isa = PBXFileReference; lastKnownFileType = sourcecode.swift; path = Resources.swift; sourceTree = "<group>"; };
		7ED51D312B75F13500696C84 /* AuthorizationDTO.swift */ = {isa = PBXFileReference; lastKnownFileType = sourcecode.swift; path = AuthorizationDTO.swift; sourceTree = "<group>"; };
		A62C2EE9A4BC9D76B5800562 /* Pods_Cafeteria.framework */ = {isa = PBXFileReference; explicitFileType = wrapper.framework; includeInIndex = 0; path = Pods_Cafeteria.framework; sourceTree = BUILT_PRODUCTS_DIR; };
		C5CE1D2C085C65520578CC64 /* Pods-Cafeteria.debug.xcconfig */ = {isa = PBXFileReference; includeInIndex = 1; lastKnownFileType = text.xcconfig; name = "Pods-Cafeteria.debug.xcconfig"; path = "Target Support Files/Pods-Cafeteria/Pods-Cafeteria.debug.xcconfig"; sourceTree = "<group>"; };
/* End PBXFileReference section */

/* Begin PBXFrameworksBuildPhase section */
		7E29C8002B74B1F400647D9F /* Frameworks */ = {
			isa = PBXFrameworksBuildPhase;
			buildActionMask = 2147483647;
			files = (
				7E94FEC62B7A0D5100DAEAD1 /* Kingfisher in Frameworks */,
				7E94FE572B78E84700DAEAD1 /* SnapKit in Frameworks */,
				7E94FDE12B75F4F900DAEAD1 /* KeychainAccess in Frameworks */,
				7E94FDDE2B75F23A00DAEAD1 /* Alamofire in Frameworks */,
				7E94FE5C2B78EEEE00DAEAD1 /* SnapKit-Dynamic in Frameworks */,
				E0CE78FD3DD3822A4E402A50 /* Pods_Cafeteria.framework in Frameworks */,
			);
			runOnlyForDeploymentPostprocessing = 0;
		};
/* End PBXFrameworksBuildPhase section */

/* Begin PBXGroup section */
		76FD1D0C85DA16AAEFECCABD /* Pods */ = {
			isa = PBXGroup;
			children = (
				C5CE1D2C085C65520578CC64 /* Pods-Cafeteria.debug.xcconfig */,
				375A65FEC38FB097B3A0BC7F /* Pods-Cafeteria.release.xcconfig */,
			);
			path = Pods;
			sourceTree = "<group>";
		};
		7E29C7FA2B74B1F400647D9F = {
			isa = PBXGroup;
			children = (
				7E29C8052B74B1F400647D9F /* Cafeteria */,
				7E29C8042B74B1F400647D9F /* Products */,
				7E94FE5A2B78EEEE00DAEAD1 /* Frameworks */,
				76FD1D0C85DA16AAEFECCABD /* Pods */,
			);
			sourceTree = "<group>";
		};
		7E29C8042B74B1F400647D9F /* Products */ = {
			isa = PBXGroup;
			children = (
				7E29C8032B74B1F400647D9F /* Cafeteria.app */,
			);
			name = Products;
			sourceTree = "<group>";
		};
		7E29C8052B74B1F400647D9F /* Cafeteria */ = {
			isa = PBXGroup;
			children = (
				7E29C81F2B74B40200647D9F /* App */,
				7E29C8542B7521AF00647D9F /* Services */,
				7E29C8382B74C3E900647D9F /* Modules */,
				7E29C83D2B74C78500647D9F /* Components */,
				7E29C81B2B74B3BB00647D9F /* Resources */,
				7E29C81A2B74B3B200647D9F /* Generated */,
				7E29C8392B74C42000647D9F /* Extension */,
			);
			path = Cafeteria;
			sourceTree = "<group>";
		};
		7E29C81A2B74B3B200647D9F /* Generated */ = {
			isa = PBXGroup;
			children = (
				7E29C82D2B74B84E00647D9F /* XCAssets+Generated.swift */,
				7E29C8282B74B58000647D9F /* Strings+Generated.swift */,
			);
			path = Generated;
			sourceTree = "<group>";
		};
		7E29C81B2B74B3BB00647D9F /* Resources */ = {
			isa = PBXGroup;
			children = (
				7E29C82F2B74B8C100647D9F /* Images */,
				7E29C82A2B74B5CA00647D9F /* Colors */,
				7E29C81C2B74B3C100647D9F /* Localizable */,
				7E29C8442B74CA7500647D9F /* GlobalUIConstants.swift */,
				7ED51D2F2B75EC6200696C84 /* Resources.swift */,
				7E29C80F2B74B1F600647D9F /* Assets.xcassets */,
			);
			path = Resources;
			sourceTree = "<group>";
		};
		7E29C81C2B74B3C100647D9F /* Localizable */ = {
			isa = PBXGroup;
			children = (
				7E29C8262B74B4CA00647D9F /* Localizable.strings */,
			);
			path = Localizable;
			sourceTree = "<group>";
		};
		7E29C81F2B74B40200647D9F /* App */ = {
			isa = PBXGroup;
			children = (
				7E29C8062B74B1F400647D9F /* AppDelegate.swift */,
				7E29C8082B74B1F400647D9F /* SceneDelegate.swift */,
				7E29C8112B74B1F600647D9F /* LaunchScreen.storyboard */,
				7E29C8142B74B1F600647D9F /* Info.plist */,
			);
			path = App;
			sourceTree = "<group>";
		};
		7E29C82A2B74B5CA00647D9F /* Colors */ = {
			isa = PBXGroup;
			children = (
				7E29C82B2B74B5D500647D9F /* Colors.xcassets */,
			);
			path = Colors;
			sourceTree = "<group>";
		};
		7E29C82F2B74B8C100647D9F /* Images */ = {
			isa = PBXGroup;
			children = (
				7E29C8302B74B8CA00647D9F /* Images.xcassets */,
			);
			path = Images;
			sourceTree = "<group>";
		};
		7E29C8382B74C3E900647D9F /* Modules */ = {
			isa = PBXGroup;
			children = (
				7E29C83C2B74C68200647D9F /* Registration */,
				7E29C84C2B751D6000647D9F /* Authorization */,
				7E94FE182B7633DE00DAEAD1 /* NearestCafeterian */,
				7E94FE5F2B7910F500DAEAD1 /* Map */,
				7E94FE902B79665F00DAEAD1 /* Menu */,
				7E94FEC92B7A25F700DAEAD1 /* Order */,
			);
			path = Modules;
			sourceTree = "<group>";
		};
		7E29C8392B74C42000647D9F /* Extension */ = {
			isa = PBXGroup;
			children = (
				7E29C83A2B74C43C00647D9F /* UIFont + Extension.swift */,
				7E94FE1B2B76346F00DAEAD1 /* UIViewController + Extension.swift */,
				7E94FEC72B7A180D00DAEAD1 /* UIView + Extension.swift */,
			);
			path = Extension;
			sourceTree = "<group>";
		};
		7E29C83C2B74C68200647D9F /* Registration */ = {
			isa = PBXGroup;
			children = (
				7E29C8502B75216B00647D9F /* Configurator */,
				7E29C84F2B75215C00647D9F /* View */,
				7E29C8512B75217200647D9F /* Interactor */,
				7E29C8522B75217D00647D9F /* Presenter */,
				7E29C86B2B75476D00647D9F /* Entity */,
				7E29C8532B75218600647D9F /* Router */,
			);
			path = Registration;
			sourceTree = "<group>";
		};
		7E29C83D2B74C78500647D9F /* Components */ = {
			isa = PBXGroup;
			children = (
				7E94FEDC2B7A2F4D00DAEAD1 /* CollectionViewCell */,
				7E94FE9E2B7968D600DAEAD1 /* Stepper */,
				7E29C8492B75190B00647D9F /* Buttons */,
				7E29C8412B74C7EF00647D9F /* StackViews */,
			);
			path = Components;
			sourceTree = "<group>";
		};
		7E29C8412B74C7EF00647D9F /* StackViews */ = {
			isa = PBXGroup;
			children = (
				7E29C8462B74CAFC00647D9F /* Protocols */,
				7E29C8422B74C81D00647D9F /* CustomInputStackView.swift */,
			);
			path = StackViews;
			sourceTree = "<group>";
		};
		7E29C8462B74CAFC00647D9F /* Protocols */ = {
			isa = PBXGroup;
			children = (
				7E29C8472B74CB0700647D9F /* CustomInputStackViewDelegate.swift */,
			);
			path = Protocols;
			sourceTree = "<group>";
		};
		7E29C8492B75190B00647D9F /* Buttons */ = {
			isa = PBXGroup;
			children = (
				7E29C84A2B75191F00647D9F /* CustomButton.swift */,
			);
			path = Buttons;
			sourceTree = "<group>";
		};
		7E29C84C2B751D6000647D9F /* Authorization */ = {
			isa = PBXGroup;
			children = (
				7E94FDF92B76266500DAEAD1 /* Configurator */,
				7E94FDE62B761E3000DAEAD1 /* View */,
				7E94FDFA2B76266D00DAEAD1 /* Interactor */,
				7E94FDFD2B76267600DAEAD1 /* Presenter */,
				7E94FDE72B761E3600DAEAD1 /* Entity */,
				7E94FDFC2B76267600DAEAD1 /* Router */,
			);
			path = Authorization;
			sourceTree = "<group>";
		};
		7E29C84F2B75215C00647D9F /* View */ = {
			isa = PBXGroup;
			children = (
				7E29C8632B75233700647D9F /* Protocols */,
				7E29C80A2B74B1F400647D9F /* RegistrationViewController.swift */,
			);
			path = View;
			sourceTree = "<group>";
		};
		7E29C8502B75216B00647D9F /* Configurator */ = {
			isa = PBXGroup;
			children = (
				7E29C85E2B75226C00647D9F /* RegistrationConfigurator.swift */,
			);
			path = Configurator;
			sourceTree = "<group>";
		};
		7E29C8512B75217200647D9F /* Interactor */ = {
			isa = PBXGroup;
			children = (
				7E29C8792B754C2700647D9F /* Protocols */,
				7E29C8772B754C2400647D9F /* RegistrationInteractor.swift */,
			);
			path = Interactor;
			sourceTree = "<group>";
		};
		7E29C8522B75217D00647D9F /* Presenter */ = {
			isa = PBXGroup;
			children = (
				7E29C8662B75236C00647D9F /* RegistrationPresenter.swift */,
			);
			path = Presenter;
			sourceTree = "<group>";
		};
		7E29C8532B75218600647D9F /* Router */ = {
			isa = PBXGroup;
			children = (
				7E29C8742B754B5500647D9F /* Protocols */,
				7E29C8722B754B4C00647D9F /* RegistrationRouter.swift */,
			);
			path = Router;
			sourceTree = "<group>";
		};
		7E29C8542B7521AF00647D9F /* Services */ = {
			isa = PBXGroup;
			children = (
				7E94FE462B78C81B00DAEAD1 /* Location */,
				7E94FDE52B75F62B00DAEAD1 /* Storage */,
				7E29C8552B7521BC00647D9F /* Network */,
			);
			path = Services;
			sourceTree = "<group>";
		};
		7E29C8552B7521BC00647D9F /* Network */ = {
			isa = PBXGroup;
			children = (
				7E29C8562B7521C300647D9F /* NetworkClient */,
			);
			path = Network;
			sourceTree = "<group>";
		};
		7E29C8562B7521C300647D9F /* NetworkClient */ = {
			isa = PBXGroup;
			children = (
				7E29C8592B7521DD00647D9F /* Protocols */,
				7E29C8572B7521DA00647D9F /* NetworkClient.swift */,
			);
			path = NetworkClient;
			sourceTree = "<group>";
		};
		7E29C8592B7521DD00647D9F /* Protocols */ = {
			isa = PBXGroup;
			children = (
				7E29C85A2B75220100647D9F /* NetworkClientInputProtocol.swift */,
			);
			path = Protocols;
			sourceTree = "<group>";
		};
		7E29C8632B75233700647D9F /* Protocols */ = {
			isa = PBXGroup;
			children = (
				7E29C8642B75234300647D9F /* RegistrationViewInputProtocol.swift */,
				7E29C86E2B75480F00647D9F /* RegistrationViewOutputProtocol.swift */,
			);
			path = Protocols;
			sourceTree = "<group>";
		};
		7E29C86B2B75476D00647D9F /* Entity */ = {
			isa = PBXGroup;
			children = (
				7E29C86C2B75477E00647D9F /* Account.swift */,
				7ED51D312B75F13500696C84 /* AuthorizationDTO.swift */,
			);
			path = Entity;
			sourceTree = "<group>";
		};
		7E29C8742B754B5500647D9F /* Protocols */ = {
			isa = PBXGroup;
			children = (
				7E29C8752B754B6600647D9F /* RegistrationRouterInputProtocol.swift */,
			);
			path = Protocols;
			sourceTree = "<group>";
		};
		7E29C8792B754C2700647D9F /* Protocols */ = {
			isa = PBXGroup;
			children = (
				7E29C87A2B754C3500647D9F /* RegistrationInteractorInputProtocol.swift */,
				7E29C87C2B754CF600647D9F /* RegistrationInteractorOutputProtocol.swift */,
			);
			path = Protocols;
			sourceTree = "<group>";
		};
		7E94FDE22B75F50000DAEAD1 /* KeyChain */ = {
			isa = PBXGroup;
			children = (
				7E94FDE32B75F50F00DAEAD1 /* KeyChainStorage.swift */,
			);
			path = KeyChain;
			sourceTree = "<group>";
		};
		7E94FDE52B75F62B00DAEAD1 /* Storage */ = {
			isa = PBXGroup;
			children = (
				7E94FDE22B75F50000DAEAD1 /* KeyChain */,
			);
			path = Storage;
			sourceTree = "<group>";
		};
		7E94FDE62B761E3000DAEAD1 /* View */ = {
			isa = PBXGroup;
			children = (
				7E94FE012B7626C800DAEAD1 /* Protocols */,
				7E29C84D2B751D9200647D9F /* AuthorizationViewController.swift */,
			);
			path = View;
			sourceTree = "<group>";
		};
		7E94FDE72B761E3600DAEAD1 /* Entity */ = {
			isa = PBXGroup;
			children = (
				7E94FDE82B761E3C00DAEAD1 /* Login.swift */,
			);
			path = Entity;
			sourceTree = "<group>";
		};
		7E94FDF92B76266500DAEAD1 /* Configurator */ = {
			isa = PBXGroup;
			children = (
				7E94FE042B76274E00DAEAD1 /* AuthorizationConfigurator.swift */,
			);
			path = Configurator;
			sourceTree = "<group>";
		};
		7E94FDFA2B76266D00DAEAD1 /* Interactor */ = {
			isa = PBXGroup;
			children = (
				7E94FDFB2B76266D00DAEAD1 /* Protocols */,
				7E94FE0A2B76290B00DAEAD1 /* AuthorizationInteractor.swift */,
			);
			path = Interactor;
			sourceTree = "<group>";
		};
		7E94FDFB2B76266D00DAEAD1 /* Protocols */ = {
			isa = PBXGroup;
			children = (
				7E94FE0C2B76291F00DAEAD1 /* AuthorizationInteractorInputProtocol.swift */,
				7E94FE0E2B76292D00DAEAD1 /* AuthorizationInteractorOutputProtocol.swift */,
			);
			path = Protocols;
			sourceTree = "<group>";
		};
		7E94FDFC2B76267600DAEAD1 /* Router */ = {
			isa = PBXGroup;
			children = (
				7E94FE122B7629FF00DAEAD1 /* Protocols */,
				7E94FE102B7629FC00DAEAD1 /* AuthorizationRouter.swift */,
			);
			path = Router;
			sourceTree = "<group>";
		};
		7E94FDFD2B76267600DAEAD1 /* Presenter */ = {
			isa = PBXGroup;
			children = (
				7E94FE062B76280F00DAEAD1 /* AuthorizationPresenter.swift */,
			);
			path = Presenter;
			sourceTree = "<group>";
		};
		7E94FE012B7626C800DAEAD1 /* Protocols */ = {
			isa = PBXGroup;
			children = (
				7E94FDFF2B7626BC00DAEAD1 /* AuthorizationViewInputProtocol.swift */,
				7E94FE022B7626D500DAEAD1 /* AuthorizationViewOutputProtocols.swift */,
			);
			path = Protocols;
			sourceTree = "<group>";
		};
		7E94FE122B7629FF00DAEAD1 /* Protocols */ = {
			isa = PBXGroup;
			children = (
				7E94FE132B762A1100DAEAD1 /* AuthorizationRouterInputProtocol.swift */,
			);
			path = Protocols;
			sourceTree = "<group>";
		};
		7E94FE182B7633DE00DAEAD1 /* NearestCafeterian */ = {
			isa = PBXGroup;
			children = (
				7E94FE292B76655500DAEAD1 /* Configurator */,
				7E94FE1D2B76385500DAEAD1 /* View */,
				7E94FE282B76654900DAEAD1 /* Interactor */,
				7E94FE272B76654100DAEAD1 /* Presenter */,
				7E94FE262B76653200DAEAD1 /* Entity */,
				7E94FE252B76651900DAEAD1 /* Router */,
			);
			path = NearestCafeterian;
			sourceTree = "<group>";
		};
		7E94FE1D2B76385500DAEAD1 /* View */ = {
			isa = PBXGroup;
			children = (
				7E94FE2C2B76656900DAEAD1 /* Protocols */,
				7E94FE192B7633F000DAEAD1 /* NearestCafeterianViewController.swift */,
			);
			path = View;
			sourceTree = "<group>";
		};
		7E94FE252B76651900DAEAD1 /* Router */ = {
			isa = PBXGroup;
			children = (
				7E94FE382B7665E400DAEAD1 /* Protocols */,
				7E94FE3B2B7665F600DAEAD1 /* NearestCafeterianRouter.swift */,
			);
			path = Router;
			sourceTree = "<group>";
		};
		7E94FE262B76653200DAEAD1 /* Entity */ = {
			isa = PBXGroup;
			children = (
				7E94FE4D2B78D6D000DAEAD1 /* Location.swift */,
				7E94FE3F2B766A3D00DAEAD1 /* LocationDTO.swift */,
				7E94FE412B766A6F00DAEAD1 /* Point.swift */,
			);
			path = Entity;
			sourceTree = "<group>";
		};
		7E94FE272B76654100DAEAD1 /* Presenter */ = {
			isa = PBXGroup;
			children = (
				7E94FE362B7665E100DAEAD1 /* NearestCafeterianPresenter.swift */,
			);
			path = Presenter;
			sourceTree = "<group>";
		};
		7E94FE282B76654900DAEAD1 /* Interactor */ = {
			isa = PBXGroup;
			children = (
				7E94FE312B7665B000DAEAD1 /* Protocols */,
				7E94FE3D2B76666800DAEAD1 /* NearestCafeterianInteractor.swift */,
			);
			path = Interactor;
			sourceTree = "<group>";
		};
		7E94FE292B76655500DAEAD1 /* Configurator */ = {
			isa = PBXGroup;
			children = (
				7E94FE2A2B76656500DAEAD1 /* NearestCafeterianConfigurator.swift */,
			);
			path = Configurator;
			sourceTree = "<group>";
		};
		7E94FE2C2B76656900DAEAD1 /* Protocols */ = {
			isa = PBXGroup;
			children = (
				7E94FE2D2B76657C00DAEAD1 /* NearestCafeterianViewControllerInputProtocol.swift */,
				7E94FE2F2B76658600DAEAD1 /* NearestCafeterianViewOutputProtocol.swift */,
			);
			path = Protocols;
			sourceTree = "<group>";
		};
		7E94FE312B7665B000DAEAD1 /* Protocols */ = {
			isa = PBXGroup;
			children = (
				7E94FE322B7665BD00DAEAD1 /* NearestCafeterianInteractorInputProtocol.swift */,
				7E94FE342B7665C800DAEAD1 /* NearestCafeterianInteractorOutputProtocol.swift */,
			);
			path = Protocols;
			sourceTree = "<group>";
		};
		7E94FE382B7665E400DAEAD1 /* Protocols */ = {
			isa = PBXGroup;
			children = (
				7E94FE392B7665F100DAEAD1 /* NearestCafeterianRouterInputProtocol.swift */,
			);
			path = Protocols;
			sourceTree = "<group>";
		};
		7E94FE462B78C81B00DAEAD1 /* Location */ = {
			isa = PBXGroup;
			children = (
				7E94FE472B78C82A00DAEAD1 /* LocationManager */,
			);
			path = Location;
			sourceTree = "<group>";
		};
		7E94FE472B78C82A00DAEAD1 /* LocationManager */ = {
			isa = PBXGroup;
			children = (
				7E94FE4A2B78D48A00DAEAD1 /* Protocols */,
				7E94FE482B78C83400DAEAD1 /* LocationManager.swift */,
			);
			path = LocationManager;
			sourceTree = "<group>";
		};
		7E94FE4A2B78D48A00DAEAD1 /* Protocols */ = {
			isa = PBXGroup;
			children = (
				7E94FE4B2B78D49100DAEAD1 /* LocationManagerDelegate.swift */,
			);
			path = Protocols;
			sourceTree = "<group>";
		};
		7E94FE5A2B78EEEE00DAEAD1 /* Frameworks */ = {
			isa = PBXGroup;
			children = (
				A62C2EE9A4BC9D76B5800562 /* Pods_Cafeteria.framework */,
			);
			name = Frameworks;
			sourceTree = "<group>";
		};
		7E94FE5F2B7910F500DAEAD1 /* Map */ = {
			isa = PBXGroup;
			children = (
				7E94FE652B79111D00DAEAD1 /* Configurator */,
				7E94FE642B79111A00DAEAD1 /* View */,
				7E94FE632B79111500DAEAD1 /* Interactor */,
				7E94FE622B79111000DAEAD1 /* Presenter */,
				7E94FE8D2B79486700DAEAD1 /* Entity */,
				7E94FE602B79110500DAEAD1 /* Router */,
			);
			path = Map;
			sourceTree = "<group>";
		};
		7E94FE602B79110500DAEAD1 /* Router */ = {
			isa = PBXGroup;
			children = (
				7E94FE772B79180300DAEAD1 /* Protocols */,
				7E94FE7A2B79182400DAEAD1 /* MapRouter.swift */,
			);
			path = Router;
			sourceTree = "<group>";
		};
		7E94FE622B79111000DAEAD1 /* Presenter */ = {
			isa = PBXGroup;
			children = (
				7E94FE872B793B2000DAEAD1 /* Protocols */,
				7E94FE752B7917E600DAEAD1 /* MapPresenter.swift */,
			);
			path = Presenter;
			sourceTree = "<group>";
		};
		7E94FE632B79111500DAEAD1 /* Interactor */ = {
			isa = PBXGroup;
			children = (
				7E94FE6D2B79176D00DAEAD1 /* Protocols */,
				7E94FE6F2B79177A00DAEAD1 /* MapInteractor.swift */,
			);
			path = Interactor;
			sourceTree = "<group>";
		};
		7E94FE642B79111A00DAEAD1 /* View */ = {
			isa = PBXGroup;
			children = (
				7E94FE682B7912E300DAEAD1 /* Protocols */,
				7E94FE662B79112900DAEAD1 /* MapViewController.swift */,
			);
			path = View;
			sourceTree = "<group>";
		};
		7E94FE652B79111D00DAEAD1 /* Configurator */ = {
			isa = PBXGroup;
			children = (
				7E94FE842B793A3200DAEAD1 /* Protocols */,
				7E94FE7C2B79194900DAEAD1 /* MapConfigurator.swift */,
			);
			path = Configurator;
			sourceTree = "<group>";
		};
		7E94FE682B7912E300DAEAD1 /* Protocols */ = {
			isa = PBXGroup;
			children = (
				7E94FE692B7912EE00DAEAD1 /* MapViewControllerInputProtocol.swift */,
				7E94FE6B2B7912F800DAEAD1 /* MapViewControllerOutputProtocol.swift */,
			);
			path = Protocols;
			sourceTree = "<group>";
		};
		7E94FE6D2B79176D00DAEAD1 /* Protocols */ = {
			isa = PBXGroup;
			children = (
				7E94FE712B7917BE00DAEAD1 /* MapInteractorInputProtocol.swift */,
				7E94FE732B7917D000DAEAD1 /* MapInteractorOutputProtocol.swift */,
			);
			path = Protocols;
			sourceTree = "<group>";
		};
		7E94FE772B79180300DAEAD1 /* Protocols */ = {
			isa = PBXGroup;
			children = (
				7E94FE782B79181000DAEAD1 /* MapRouterInputProtocol.swift */,
			);
			path = Protocols;
			sourceTree = "<group>";
		};
		7E94FE842B793A3200DAEAD1 /* Protocols */ = {
			isa = PBXGroup;
			children = (
				7E94FE852B793A3D00DAEAD1 /* MapConfiguratorProtocol.swift */,
			);
			path = Protocols;
			sourceTree = "<group>";
		};
		7E94FE872B793B2000DAEAD1 /* Protocols */ = {
			isa = PBXGroup;
			children = (
				7E94FE8B2B793E7C00DAEAD1 /* MapPresenterInputProtocol.swift */,
			);
			path = Protocols;
			sourceTree = "<group>";
		};
		7E94FE8D2B79486700DAEAD1 /* Entity */ = {
			isa = PBXGroup;
			children = (
				7E94FE8E2B79487700DAEAD1 /* Placemark.swift */,
			);
			path = Entity;
			sourceTree = "<group>";
		};
		7E94FE902B79665F00DAEAD1 /* Menu */ = {
			isa = PBXGroup;
			children = (
				7E94FE972B79668C00DAEAD1 /* Configurator */,
				7E94FE962B79668900DAEAD1 /* View */,
				7E94FE952B79668200DAEAD1 /* Interactor */,
				7E94FE942B79667D00DAEAD1 /* Presenter */,
				7E94FE932B79667400DAEAD1 /* Entity */,
				7E94FE912B79666700DAEAD1 /* Router */,
			);
			path = Menu;
			sourceTree = "<group>";
		};
		7E94FE912B79666700DAEAD1 /* Router */ = {
			isa = PBXGroup;
			children = (
				7E94FEBC2B7974AC00DAEAD1 /* Protocols */,
				7E94FEC02B7974C700DAEAD1 /* MenuRouter.swift */,
			);
			path = Router;
			sourceTree = "<group>";
		};
		7E94FE932B79667400DAEAD1 /* Entity */ = {
			isa = PBXGroup;
			children = (
				7E94FEBA2B79748400DAEAD1 /* Product.swift */,
				7E94FED72B7A27BE00DAEAD1 /* ProductDTO.swift */,
			);
			path = Entity;
			sourceTree = "<group>";
		};
		7E94FE942B79667D00DAEAD1 /* Presenter */ = {
			isa = PBXGroup;
			children = (
				7E94FEB52B79741A00DAEAD1 /* Protocols */,
				7E94FEB82B79745B00DAEAD1 /* MenuPresenter.swift */,
			);
			path = Presenter;
			sourceTree = "<group>";
		};
		7E94FE952B79668200DAEAD1 /* Interactor */ = {
			isa = PBXGroup;
			children = (
				7E94FEAD2B7973B700DAEAD1 /* Protocols */,
				7E94FEB22B7973ED00DAEAD1 /* MenuInteractor.swift */,
			);
			path = Interactor;
			sourceTree = "<group>";
		};
		7E94FE962B79668900DAEAD1 /* View */ = {
			isa = PBXGroup;
			children = (
				7E94FEA82B79738100DAEAD1 /* Protocols */,
				7E94FED02B7A26B000DAEAD1 /* CollectionViewCell */,
				7E94FE992B7966A900DAEAD1 /* MenuViewController.swift */,
			);
			path = View;
			sourceTree = "<group>";
		};
		7E94FE972B79668C00DAEAD1 /* Configurator */ = {
			isa = PBXGroup;
			children = (
				7E94FEA22B79725100DAEAD1 /* Protocols */,
				7E94FEA62B79736900DAEAD1 /* MenuConfigurator.swift */,
			);
			path = Configurator;
			sourceTree = "<group>";
		};
		7E94FE9E2B7968D600DAEAD1 /* Stepper */ = {
			isa = PBXGroup;
			children = (
				7E94FEF72B7A358800DAEAD1 /* Protocols */,
				7E94FEA02B7968EA00DAEAD1 /* CustomStepper.swift */,
			);
			path = Stepper;
			sourceTree = "<group>";
		};
		7E94FEA22B79725100DAEAD1 /* Protocols */ = {
			isa = PBXGroup;
			children = (
				7E94FEA32B79726200DAEAD1 /* MenuConfiguratorProtocol.swift */,
			);
			path = Protocols;
			sourceTree = "<group>";
		};
		7E94FEA82B79738100DAEAD1 /* Protocols */ = {
			isa = PBXGroup;
			children = (
				7E94FEA92B79739300DAEAD1 /* MenuViewControllerInputProtocol.swift */,
				7E94FEAB2B7973A900DAEAD1 /* MenuViewControllerOutputProtocol.swift */,
			);
			path = Protocols;
			sourceTree = "<group>";
		};
		7E94FEAD2B7973B700DAEAD1 /* Protocols */ = {
			isa = PBXGroup;
			children = (
				7E94FEAE2B7973C600DAEAD1 /* MenuInteractorInputProtocol.swift */,
				7E94FEB02B7973E200DAEAD1 /* MenuInteractorOutputProtocol.swift */,
			);
			path = Protocols;
			sourceTree = "<group>";
		};
		7E94FEB52B79741A00DAEAD1 /* Protocols */ = {
			isa = PBXGroup;
			children = (
				7E94FEC22B7975F200DAEAD1 /* MenuPresenterInputProtocol.swift */,
				7E94FEB62B79744800DAEAD1 /* MenuPresenterOutputProtocol.swift */,
			);
			path = Protocols;
			sourceTree = "<group>";
		};
		7E94FEBC2B7974AC00DAEAD1 /* Protocols */ = {
			isa = PBXGroup;
			children = (
				7E94FEBE2B7974C000DAEAD1 /* MenuRouterInputProtocol.swift */,
			);
			path = Protocols;
			sourceTree = "<group>";
		};
		7E94FEC92B7A25F700DAEAD1 /* Order */ = {
			isa = PBXGroup;
			children = (
				7E94FECA2B7A260000DAEAD1 /* Configurator */,
				7E94FECE2B7A261C00DAEAD1 /* View */,
				7E94FECD2B7A261800DAEAD1 /* Interactor */,
				7E94FECC2B7A261400DAEAD1 /* Presenter */,
				7E94FECB2B7A260A00DAEAD1 /* Entity */,
				7E94FECF2B7A262200DAEAD1 /* Router */,
			);
			path = Order;
			sourceTree = "<group>";
		};
		7E94FECA2B7A260000DAEAD1 /* Configurator */ = {
			isa = PBXGroup;
			children = (
				7E94FEE32B7A30A300DAEAD1 /* Protocols */,
				7E94FEE62B7A30BC00DAEAD1 /* OrderConfigurator.swift */,
			);
			path = Configurator;
			sourceTree = "<group>";
		};
		7E94FECB2B7A260A00DAEAD1 /* Entity */ = {
			isa = PBXGroup;
			children = (
				7E94FED52B7A274100DAEAD1 /* Order.swift */,
			);
			path = Entity;
			sourceTree = "<group>";
		};
		7E94FECC2B7A261400DAEAD1 /* Presenter */ = {
			isa = PBXGroup;
			children = (
				7E94FEFA2B7A373600DAEAD1 /* Protocols */,
				7E94FEF02B7A318100DAEAD1 /* OrderPresenter.swift */,
			);
			path = Presenter;
			sourceTree = "<group>";
		};
		7E94FECD2B7A261800DAEAD1 /* Interactor */ = {
			isa = PBXGroup;
			children = (
				7E94FEE82B7A30D400DAEAD1 /* Protocols */,
				7E94FEEE2B7A314300DAEAD1 /* OrderInteractor.swift */,
			);
			path = Interactor;
			sourceTree = "<group>";
		};
		7E94FECE2B7A261C00DAEAD1 /* View */ = {
			isa = PBXGroup;
			children = (
				7E94FEDE2B7A306E00DAEAD1 /* Protocols */,
				7E94FEDA2B7A2B0600DAEAD1 /* OrderViewController.swift */,
			);
			path = View;
			sourceTree = "<group>";
		};
		7E94FECF2B7A262200DAEAD1 /* Router */ = {
			isa = PBXGroup;
			children = (
				7E94FEF22B7A31A300DAEAD1 /* Protocols */,
				7E94FEF52B7A31BF00DAEAD1 /* OrderRouter.swift */,
			);
			path = Router;
			sourceTree = "<group>";
		};
		7E94FED02B7A26B000DAEAD1 /* CollectionViewCell */ = {
			isa = PBXGroup;
			children = (
				7E94FED12B7A26B500DAEAD1 /* Protocols */,
				7E94FE9C2B79673500DAEAD1 /* MenuCollectionViewCell.swift */,
			);
			path = CollectionViewCell;
			sourceTree = "<group>";
		};
		7E94FED12B7A26B500DAEAD1 /* Protocols */ = {
			isa = PBXGroup;
			children = (
				7E94FED32B7A26C200DAEAD1 /* MenuCollectionViewCellDelegate.swift */,
			);
			path = Protocols;
			sourceTree = "<group>";
		};
		7E94FEDC2B7A2F4D00DAEAD1 /* CollectionViewCell */ = {
			isa = PBXGroup;
			children = (
				7E94FEDD2B7A2FA400DAEAD1 /* Protocols */,
				7E94FE232B763C1500DAEAD1 /* CustomCollectionViewCell.swift */,
			);
			path = CollectionViewCell;
			sourceTree = "<group>";
		};
		7E94FEDD2B7A2FA400DAEAD1 /* Protocols */ = {
			isa = PBXGroup;
			children = (
			);
			path = Protocols;
			sourceTree = "<group>";
		};
		7E94FEDE2B7A306E00DAEAD1 /* Protocols */ = {
			isa = PBXGroup;
			children = (
				7E94FEDF2B7A307900DAEAD1 /* OrderViewControllerInputProtocol.swift */,
				7E94FEE12B7A308600DAEAD1 /* OrderViewControllerOutputProtocol.swift */,
			);
			path = Protocols;
			sourceTree = "<group>";
		};
		7E94FEE32B7A30A300DAEAD1 /* Protocols */ = {
			isa = PBXGroup;
			children = (
				7E94FEE42B7A30AD00DAEAD1 /* OrderConfiguratorProtocol.swift */,
			);
			path = Protocols;
			sourceTree = "<group>";
		};
		7E94FEE82B7A30D400DAEAD1 /* Protocols */ = {
			isa = PBXGroup;
			children = (
				7E94FEEA2B7A30E100DAEAD1 /* OrderInteractorInputProtocol.swift */,
				7E94FEEC2B7A30F400DAEAD1 /* OrderInteractorOutputProtocol.swift */,
			);
			path = Protocols;
			sourceTree = "<group>";
		};
		7E94FEF22B7A31A300DAEAD1 /* Protocols */ = {
			isa = PBXGroup;
			children = (
				7E94FEFF2B7A3BE000DAEAD1 /* OrderRouterDelegate.swift */,
				7E94FF012B7A3CBB00DAEAD1 /* OrderRouterInputProtocol.swift */,
			);
			path = Protocols;
			sourceTree = "<group>";
		};
		7E94FEF72B7A358800DAEAD1 /* Protocols */ = {
			isa = PBXGroup;
			children = (
				7E94FEF82B7A358D00DAEAD1 /* CustomStepperDelegate.swift */,
			);
			path = Protocols;
			sourceTree = "<group>";
		};
		7E94FEFA2B7A373600DAEAD1 /* Protocols */ = {
			isa = PBXGroup;
			children = (
				7E94FEFB2B7A373C00DAEAD1 /* OrderPresenterInputProtocol.swift */,
			);
			path = Protocols;
			sourceTree = "<group>";
		};
/* End PBXGroup section */

/* Begin PBXNativeTarget section */
		7E29C8022B74B1F400647D9F /* Cafeteria */ = {
			isa = PBXNativeTarget;
			buildConfigurationList = 7E29C8172B74B1F600647D9F /* Build configuration list for PBXNativeTarget "Cafeteria" */;
			buildPhases = (
				45C48812F2BD0013F2235726 /* [CP] Check Pods Manifest.lock */,
				7E29C8212B74B4A000647D9F /* Swiftgen */,
				7E29C8322B74C14A00647D9F /* Swiftlint */,
				7E29C7FF2B74B1F400647D9F /* Sources */,
				7E29C8002B74B1F400647D9F /* Frameworks */,
				7E29C8012B74B1F400647D9F /* Resources */,
				7E94FE5D2B78EEEE00DAEAD1 /* Embed Frameworks */,
				CD33CC133EDC440A3D44CEE3 /* [CP] Copy Pods Resources */,
			);
			buildRules = (
			);
			dependencies = (
			);
			name = Cafeteria;
			packageProductDependencies = (
				7E94FDDD2B75F23A00DAEAD1 /* Alamofire */,
				7E94FDE02B75F4F900DAEAD1 /* KeychainAccess */,
				7E94FE562B78E84700DAEAD1 /* SnapKit */,
				7E94FE5B2B78EEEE00DAEAD1 /* SnapKit-Dynamic */,
				7E94FEC52B7A0D5100DAEAD1 /* Kingfisher */,
			);
			productName = Cafeteria;
			productReference = 7E29C8032B74B1F400647D9F /* Cafeteria.app */;
			productType = "com.apple.product-type.application";
		};
/* End PBXNativeTarget section */

/* Begin PBXProject section */
		7E29C7FB2B74B1F400647D9F /* Project object */ = {
			isa = PBXProject;
			attributes = {
				BuildIndependentTargetsInParallel = 1;
				LastSwiftUpdateCheck = 1520;
				LastUpgradeCheck = 1520;
				TargetAttributes = {
					7E29C8022B74B1F400647D9F = {
						CreatedOnToolsVersion = 15.2;
					};
				};
			};
			buildConfigurationList = 7E29C7FE2B74B1F400647D9F /* Build configuration list for PBXProject "Cafeteria" */;
			compatibilityVersion = "Xcode 14.0";
			developmentRegion = ru;
			hasScannedForEncodings = 0;
			knownRegions = (
				ru,
			);
			mainGroup = 7E29C7FA2B74B1F400647D9F;
			packageReferences = (
				7E94FDDC2B75F23A00DAEAD1 /* XCRemoteSwiftPackageReference "Alamofire" */,
				7E94FDDF2B75F4F900DAEAD1 /* XCRemoteSwiftPackageReference "KeychainAccess" */,
				7E94FE552B78E84700DAEAD1 /* XCRemoteSwiftPackageReference "SnapKit" */,
				7E94FEC42B7A0D5100DAEAD1 /* XCRemoteSwiftPackageReference "Kingfisher" */,
			);
			productRefGroup = 7E29C8042B74B1F400647D9F /* Products */;
			projectDirPath = "";
			projectRoot = "";
			targets = (
				7E29C8022B74B1F400647D9F /* Cafeteria */,
			);
		};
/* End PBXProject section */

/* Begin PBXResourcesBuildPhase section */
		7E29C8012B74B1F400647D9F /* Resources */ = {
			isa = PBXResourcesBuildPhase;
			buildActionMask = 2147483647;
			files = (
				7E29C8202B74B45B00647D9F /* Assets.xcassets in Resources */,
				7E29C8312B74B8CA00647D9F /* Images.xcassets in Resources */,
				7E29C82C2B74B5D500647D9F /* Colors.xcassets in Resources */,
				7E29C8242B74B4CA00647D9F /* Localizable.strings in Resources */,
				7E29C8132B74B1F600647D9F /* LaunchScreen.storyboard in Resources */,
			);
			runOnlyForDeploymentPostprocessing = 0;
		};
/* End PBXResourcesBuildPhase section */

/* Begin PBXShellScriptBuildPhase section */
		45C48812F2BD0013F2235726 /* [CP] Check Pods Manifest.lock */ = {
			isa = PBXShellScriptBuildPhase;
			buildActionMask = 2147483647;
			files = (
			);
			inputFileListPaths = (
			);
			inputPaths = (
				"${PODS_PODFILE_DIR_PATH}/Podfile.lock",
				"${PODS_ROOT}/Manifest.lock",
			);
			name = "[CP] Check Pods Manifest.lock";
			outputFileListPaths = (
			);
			outputPaths = (
				"$(DERIVED_FILE_DIR)/Pods-Cafeteria-checkManifestLockResult.txt",
			);
			runOnlyForDeploymentPostprocessing = 0;
			shellPath = /bin/sh;
			shellScript = "diff \"${PODS_PODFILE_DIR_PATH}/Podfile.lock\" \"${PODS_ROOT}/Manifest.lock\" > /dev/null\nif [ $? != 0 ] ; then\n    # print error to STDERR\n    echo \"error: The sandbox is not in sync with the Podfile.lock. Run 'pod install' or update your CocoaPods installation.\" >&2\n    exit 1\nfi\n# This output is used by Xcode 'outputs' to avoid re-running this script phase.\necho \"SUCCESS\" > \"${SCRIPT_OUTPUT_FILE_0}\"\n";
			showEnvVarsInLog = 0;
		};
		7E29C8212B74B4A000647D9F /* Swiftgen */ = {
			isa = PBXShellScriptBuildPhase;
			alwaysOutOfDate = 1;
			buildActionMask = 2147483647;
			files = (
			);
			inputFileListPaths = (
			);
			inputPaths = (
			);
			name = Swiftgen;
			outputFileListPaths = (
			);
			outputPaths = (
			);
			runOnlyForDeploymentPostprocessing = 0;
			shellPath = /bin/sh;
			shellScript = "export PATH=\"$PATH:/opt/homebrew/bin\"\n\nif which swiftgen; then\n    swiftgen\nelse\n  echo \"warning: SwiftGen is not installed\"\nfi\n";
		};
		7E29C8322B74C14A00647D9F /* Swiftlint */ = {
			isa = PBXShellScriptBuildPhase;
			alwaysOutOfDate = 1;
			buildActionMask = 2147483647;
			files = (
			);
			inputFileListPaths = (
			);
			inputPaths = (
			);
			name = Swiftlint;
			outputFileListPaths = (
			);
			outputPaths = (
			);
			runOnlyForDeploymentPostprocessing = 0;
			shellPath = /bin/sh;
			shellScript = "if [[ \"$(uname -m)\" == arm64 ]]; then\n    export PATH=\"/opt/homebrew/bin:$PATH\"\nfi\n\nif which swiftlint > /dev/null; then\n  swiftlint\nelse\n  echo \"warning: SwiftLint not installed, download from https://github.com/realm/SwiftLint\"\nfi\n";
		};
		CD33CC133EDC440A3D44CEE3 /* [CP] Copy Pods Resources */ = {
			isa = PBXShellScriptBuildPhase;
			buildActionMask = 2147483647;
			files = (
			);
			inputFileListPaths = (
				"${PODS_ROOT}/Target Support Files/Pods-Cafeteria/Pods-Cafeteria-resources-${CONFIGURATION}-input-files.xcfilelist",
			);
			name = "[CP] Copy Pods Resources";
			outputFileListPaths = (
				"${PODS_ROOT}/Target Support Files/Pods-Cafeteria/Pods-Cafeteria-resources-${CONFIGURATION}-output-files.xcfilelist",
			);
			runOnlyForDeploymentPostprocessing = 0;
			shellPath = /bin/sh;
			shellScript = "\"${PODS_ROOT}/Target Support Files/Pods-Cafeteria/Pods-Cafeteria-resources.sh\"\n";
			showEnvVarsInLog = 0;
		};
/* End PBXShellScriptBuildPhase section */

/* Begin PBXSourcesBuildPhase section */
		7E29C7FF2B74B1F400647D9F /* Sources */ = {
			isa = PBXSourcesBuildPhase;
			buildActionMask = 2147483647;
			files = (
				7E29C83B2B74C43C00647D9F /* UIFont + Extension.swift in Sources */,
				7E94FE7D2B79194900DAEAD1 /* MapConfigurator.swift in Sources */,
				7E29C8652B75234300647D9F /* RegistrationViewInputProtocol.swift in Sources */,
				7E94FE242B763C1500DAEAD1 /* CustomCollectionViewCell.swift in Sources */,
				7E94FE6C2B7912F800DAEAD1 /* MapViewControllerOutputProtocol.swift in Sources */,
				7E94FEED2B7A30F400DAEAD1 /* OrderInteractorOutputProtocol.swift in Sources */,
				7E94FDE42B75F50F00DAEAD1 /* KeyChainStorage.swift in Sources */,
				7E29C87D2B754CF600647D9F /* RegistrationInteractorOutputProtocol.swift in Sources */,
				7E94FEF62B7A31BF00DAEAD1 /* OrderRouter.swift in Sources */,
				7E94FE052B76274E00DAEAD1 /* AuthorizationConfigurator.swift in Sources */,
				7E29C86F2B75480F00647D9F /* RegistrationViewOutputProtocol.swift in Sources */,
				7E29C82E2B74B84E00647D9F /* XCAssets+Generated.swift in Sources */,
				7E94FEA12B7968EA00DAEAD1 /* CustomStepper.swift in Sources */,
				7E94FE302B76658600DAEAD1 /* NearestCafeterianViewOutputProtocol.swift in Sources */,
				7E94FE9A2B7966A900DAEAD1 /* MenuViewController.swift in Sources */,
				7E94FE1A2B7633F000DAEAD1 /* NearestCafeterianViewController.swift in Sources */,
				7E94FE2E2B76657C00DAEAD1 /* NearestCafeterianViewControllerInputProtocol.swift in Sources */,
				7E94FE032B7626D500DAEAD1 /* AuthorizationViewOutputProtocols.swift in Sources */,
				7E94FE3A2B7665F100DAEAD1 /* NearestCafeterianRouterInputProtocol.swift in Sources */,
				7E94FE862B793A3D00DAEAD1 /* MapConfiguratorProtocol.swift in Sources */,
				7E94FE332B7665BD00DAEAD1 /* NearestCafeterianInteractorInputProtocol.swift in Sources */,
				7E94FE762B7917E600DAEAD1 /* MapPresenter.swift in Sources */,
				7E94FE6A2B7912EE00DAEAD1 /* MapViewControllerInputProtocol.swift in Sources */,
				7E29C80B2B74B1F400647D9F /* RegistrationViewController.swift in Sources */,
				7ED51D302B75EC6200696C84 /* Resources.swift in Sources */,
				7E94FEAC2B7973A900DAEAD1 /* MenuViewControllerOutputProtocol.swift in Sources */,
				7E94FE8F2B79487700DAEAD1 /* Placemark.swift in Sources */,
				7E94FEC82B7A180D00DAEAD1 /* UIView + Extension.swift in Sources */,
				7E94FE4E2B78D6D000DAEAD1 /* Location.swift in Sources */,
				7E94FEA42B79726200DAEAD1 /* MenuConfiguratorProtocol.swift in Sources */,
				7E94FE112B7629FC00DAEAD1 /* AuthorizationRouter.swift in Sources */,
				7E94FEBF2B7974C000DAEAD1 /* MenuRouterInputProtocol.swift in Sources */,
				7E94FEE02B7A307900DAEAD1 /* OrderViewControllerInputProtocol.swift in Sources */,
				7E29C8672B75236C00647D9F /* RegistrationPresenter.swift in Sources */,
				7E94FEEF2B7A314300DAEAD1 /* OrderInteractor.swift in Sources */,
				7E94FEB72B79744800DAEAD1 /* MenuPresenterOutputProtocol.swift in Sources */,
				7E94FEAF2B7973C600DAEAD1 /* MenuInteractorInputProtocol.swift in Sources */,
				7E94FE0D2B76291F00DAEAD1 /* AuthorizationInteractorInputProtocol.swift in Sources */,
				7E94FEB12B7973E200DAEAD1 /* MenuInteractorOutputProtocol.swift in Sources */,
				7E29C8072B74B1F400647D9F /* AppDelegate.swift in Sources */,
				7E94FEE22B7A308600DAEAD1 /* OrderViewControllerOutputProtocol.swift in Sources */,
				7E94FEEB2B7A30E100DAEAD1 /* OrderInteractorInputProtocol.swift in Sources */,
				7E29C84B2B75191F00647D9F /* CustomButton.swift in Sources */,
				7E94FE8C2B793E7C00DAEAD1 /* MapPresenterInputProtocol.swift in Sources */,
				7E94FEAA2B79739300DAEAD1 /* MenuViewControllerInputProtocol.swift in Sources */,
				7E94FE3C2B7665F600DAEAD1 /* NearestCafeterianRouter.swift in Sources */,
				7E29C8432B74C81D00647D9F /* CustomInputStackView.swift in Sources */,
				7E29C87B2B754C3500647D9F /* RegistrationInteractorInputProtocol.swift in Sources */,
				7E29C8292B74B58000647D9F /* Strings+Generated.swift in Sources */,
				7E94FEC12B7974C700DAEAD1 /* MenuRouter.swift in Sources */,
				7E29C8482B74CB0700647D9F /* CustomInputStackViewDelegate.swift in Sources */,
				7E94FEB32B7973ED00DAEAD1 /* MenuInteractor.swift in Sources */,
				7E94FE2B2B76656500DAEAD1 /* NearestCafeterianConfigurator.swift in Sources */,
				7E94FEFC2B7A373C00DAEAD1 /* OrderPresenterInputProtocol.swift in Sources */,
				7E29C8452B74CA7500647D9F /* GlobalUIConstants.swift in Sources */,
				7E94FE072B76280F00DAEAD1 /* AuthorizationPresenter.swift in Sources */,
				7E29C84E2B751D9200647D9F /* AuthorizationViewController.swift in Sources */,
				7E94FE372B7665E100DAEAD1 /* NearestCafeterianPresenter.swift in Sources */,
				7E94FE672B79112900DAEAD1 /* MapViewController.swift in Sources */,
				7E94FE352B7665C800DAEAD1 /* NearestCafeterianInteractorOutputProtocol.swift in Sources */,
				7E29C8092B74B1F400647D9F /* SceneDelegate.swift in Sources */,
				7E94FEC32B7975F200DAEAD1 /* MenuPresenterInputProtocol.swift in Sources */,
				7E94FE722B7917BE00DAEAD1 /* MapInteractorInputProtocol.swift in Sources */,
				7E94FEE72B7A30BC00DAEAD1 /* OrderConfigurator.swift in Sources */,
				7E94FE3E2B76666800DAEAD1 /* NearestCafeterianInteractor.swift in Sources */,
				7E94FED62B7A274100DAEAD1 /* Order.swift in Sources */,
				7E94FDE92B761E3C00DAEAD1 /* Login.swift in Sources */,
				7E94FE492B78C83500DAEAD1 /* LocationManager.swift in Sources */,
				7E29C8732B754B4C00647D9F /* RegistrationRouter.swift in Sources */,
				7E94FEBB2B79748400DAEAD1 /* Product.swift in Sources */,
				7E94FE792B79181000DAEAD1 /* MapRouterInputProtocol.swift in Sources */,
				7E29C85F2B75226C00647D9F /* RegistrationConfigurator.swift in Sources */,
				7E94FE0B2B76290B00DAEAD1 /* AuthorizationInteractor.swift in Sources */,
				7E94FEDB2B7A2B0600DAEAD1 /* OrderViewController.swift in Sources */,
				7E29C8582B7521DA00647D9F /* NetworkClient.swift in Sources */,
				7E94FE9D2B79673500DAEAD1 /* MenuCollectionViewCell.swift in Sources */,
				7E94FED42B7A26C200DAEAD1 /* MenuCollectionViewCellDelegate.swift in Sources */,
				7ED51D322B75F13500696C84 /* AuthorizationDTO.swift in Sources */,
				7E94FEB92B79745B00DAEAD1 /* MenuPresenter.swift in Sources */,
				7E29C8762B754B6600647D9F /* RegistrationRouterInputProtocol.swift in Sources */,
				7E94FF022B7A3CBB00DAEAD1 /* OrderRouterInputProtocol.swift in Sources */,
				7E29C8782B754C2400647D9F /* RegistrationInteractor.swift in Sources */,
				7E94FE4C2B78D49100DAEAD1 /* LocationManagerDelegate.swift in Sources */,
				7E94FE002B7626BC00DAEAD1 /* AuthorizationViewInputProtocol.swift in Sources */,
				7E94FEE52B7A30AD00DAEAD1 /* OrderConfiguratorProtocol.swift in Sources */,
				7E94FE7B2B79182400DAEAD1 /* MapRouter.swift in Sources */,
				7E94FE0F2B76292D00DAEAD1 /* AuthorizationInteractorOutputProtocol.swift in Sources */,
				7E94FE742B7917D000DAEAD1 /* MapInteractorOutputProtocol.swift in Sources */,
				7E94FE1C2B76346F00DAEAD1 /* UIViewController + Extension.swift in Sources */,
				7E94FEA72B79736900DAEAD1 /* MenuConfigurator.swift in Sources */,
				7E29C86D2B75477E00647D9F /* Account.swift in Sources */,
				7E94FE422B766A6F00DAEAD1 /* Point.swift in Sources */,
				7E94FEF12B7A318100DAEAD1 /* OrderPresenter.swift in Sources */,
				7E94FF002B7A3BE000DAEAD1 /* OrderRouterDelegate.swift in Sources */,
				7E94FED82B7A27BE00DAEAD1 /* ProductDTO.swift in Sources */,
				7E94FEF92B7A358D00DAEAD1 /* CustomStepperDelegate.swift in Sources */,
				7E29C85B2B75220100647D9F /* NetworkClientInputProtocol.swift in Sources */,
				7E94FE142B762A1100DAEAD1 /* AuthorizationRouterInputProtocol.swift in Sources */,
				7E94FE402B766A3D00DAEAD1 /* LocationDTO.swift in Sources */,
				7E94FE702B79177A00DAEAD1 /* MapInteractor.swift in Sources */,
			);
			runOnlyForDeploymentPostprocessing = 0;
		};
/* End PBXSourcesBuildPhase section */

/* Begin PBXVariantGroup section */
		7E29C8112B74B1F600647D9F /* LaunchScreen.storyboard */ = {
			isa = PBXVariantGroup;
			children = (
				7E29C81E2B74B3EF00647D9F /* ru */,
			);
			name = LaunchScreen.storyboard;
			sourceTree = "<group>";
		};
		7E29C8262B74B4CA00647D9F /* Localizable.strings */ = {
			isa = PBXVariantGroup;
			children = (
				7E29C8252B74B4CA00647D9F /* ru */,
			);
			name = Localizable.strings;
			sourceTree = "<group>";
		};
/* End PBXVariantGroup section */

/* Begin XCBuildConfiguration section */
		7E29C8152B74B1F600647D9F /* Debug */ = {
			isa = XCBuildConfiguration;
			buildSettings = {
				ALWAYS_SEARCH_USER_PATHS = NO;
				ASSETCATALOG_COMPILER_GENERATE_SWIFT_ASSET_SYMBOL_EXTENSIONS = YES;
				CLANG_ANALYZER_LOCALIZABILITY_NONLOCALIZED = YES;
				CLANG_ANALYZER_NONNULL = YES;
				CLANG_ANALYZER_NUMBER_OBJECT_CONVERSION = YES_AGGRESSIVE;
				CLANG_CXX_LANGUAGE_STANDARD = "gnu++20";
				CLANG_ENABLE_MODULES = YES;
				CLANG_ENABLE_OBJC_ARC = YES;
				CLANG_ENABLE_OBJC_WEAK = YES;
				CLANG_WARN_BLOCK_CAPTURE_AUTORELEASING = YES;
				CLANG_WARN_BOOL_CONVERSION = YES;
				CLANG_WARN_COMMA = YES;
				CLANG_WARN_CONSTANT_CONVERSION = YES;
				CLANG_WARN_DEPRECATED_OBJC_IMPLEMENTATIONS = YES;
				CLANG_WARN_DIRECT_OBJC_ISA_USAGE = YES_ERROR;
				CLANG_WARN_DOCUMENTATION_COMMENTS = YES;
				CLANG_WARN_EMPTY_BODY = YES;
				CLANG_WARN_ENUM_CONVERSION = YES;
				CLANG_WARN_INFINITE_RECURSION = YES;
				CLANG_WARN_INT_CONVERSION = YES;
				CLANG_WARN_NON_LITERAL_NULL_CONVERSION = YES;
				CLANG_WARN_OBJC_IMPLICIT_RETAIN_SELF = YES;
				CLANG_WARN_OBJC_LITERAL_CONVERSION = YES;
				CLANG_WARN_OBJC_ROOT_CLASS = YES_ERROR;
				CLANG_WARN_QUOTED_INCLUDE_IN_FRAMEWORK_HEADER = YES;
				CLANG_WARN_RANGE_LOOP_ANALYSIS = YES;
				CLANG_WARN_STRICT_PROTOTYPES = YES;
				CLANG_WARN_SUSPICIOUS_MOVE = YES;
				CLANG_WARN_UNGUARDED_AVAILABILITY = YES_AGGRESSIVE;
				CLANG_WARN_UNREACHABLE_CODE = YES;
				CLANG_WARN__DUPLICATE_METHOD_MATCH = YES;
				COPY_PHASE_STRIP = NO;
				DEBUG_INFORMATION_FORMAT = dwarf;
				ENABLE_STRICT_OBJC_MSGSEND = YES;
				ENABLE_TESTABILITY = YES;
				ENABLE_USER_SCRIPT_SANDBOXING = NO;
				GCC_C_LANGUAGE_STANDARD = gnu17;
				GCC_DYNAMIC_NO_PIC = NO;
				GCC_NO_COMMON_BLOCKS = YES;
				GCC_OPTIMIZATION_LEVEL = 0;
				GCC_PREPROCESSOR_DEFINITIONS = (
					"DEBUG=1",
					"$(inherited)",
				);
				GCC_WARN_64_TO_32_BIT_CONVERSION = YES;
				GCC_WARN_ABOUT_RETURN_TYPE = YES_ERROR;
				GCC_WARN_UNDECLARED_SELECTOR = YES;
				GCC_WARN_UNINITIALIZED_AUTOS = YES_AGGRESSIVE;
				GCC_WARN_UNUSED_FUNCTION = YES;
				GCC_WARN_UNUSED_VARIABLE = YES;
				IPHONEOS_DEPLOYMENT_TARGET = 17.2;
				LOCALIZATION_PREFERS_STRING_CATALOGS = YES;
				MTL_ENABLE_DEBUG_INFO = INCLUDE_SOURCE;
				MTL_FAST_MATH = YES;
				ONLY_ACTIVE_ARCH = YES;
				SDKROOT = iphoneos;
				SWIFT_ACTIVE_COMPILATION_CONDITIONS = "DEBUG $(inherited)";
				SWIFT_OPTIMIZATION_LEVEL = "-Onone";
			};
			name = Debug;
		};
		7E29C8162B74B1F600647D9F /* Release */ = {
			isa = XCBuildConfiguration;
			buildSettings = {
				ALWAYS_SEARCH_USER_PATHS = NO;
				ASSETCATALOG_COMPILER_GENERATE_SWIFT_ASSET_SYMBOL_EXTENSIONS = YES;
				CLANG_ANALYZER_LOCALIZABILITY_NONLOCALIZED = YES;
				CLANG_ANALYZER_NONNULL = YES;
				CLANG_ANALYZER_NUMBER_OBJECT_CONVERSION = YES_AGGRESSIVE;
				CLANG_CXX_LANGUAGE_STANDARD = "gnu++20";
				CLANG_ENABLE_MODULES = YES;
				CLANG_ENABLE_OBJC_ARC = YES;
				CLANG_ENABLE_OBJC_WEAK = YES;
				CLANG_WARN_BLOCK_CAPTURE_AUTORELEASING = YES;
				CLANG_WARN_BOOL_CONVERSION = YES;
				CLANG_WARN_COMMA = YES;
				CLANG_WARN_CONSTANT_CONVERSION = YES;
				CLANG_WARN_DEPRECATED_OBJC_IMPLEMENTATIONS = YES;
				CLANG_WARN_DIRECT_OBJC_ISA_USAGE = YES_ERROR;
				CLANG_WARN_DOCUMENTATION_COMMENTS = YES;
				CLANG_WARN_EMPTY_BODY = YES;
				CLANG_WARN_ENUM_CONVERSION = YES;
				CLANG_WARN_INFINITE_RECURSION = YES;
				CLANG_WARN_INT_CONVERSION = YES;
				CLANG_WARN_NON_LITERAL_NULL_CONVERSION = YES;
				CLANG_WARN_OBJC_IMPLICIT_RETAIN_SELF = YES;
				CLANG_WARN_OBJC_LITERAL_CONVERSION = YES;
				CLANG_WARN_OBJC_ROOT_CLASS = YES_ERROR;
				CLANG_WARN_QUOTED_INCLUDE_IN_FRAMEWORK_HEADER = YES;
				CLANG_WARN_RANGE_LOOP_ANALYSIS = YES;
				CLANG_WARN_STRICT_PROTOTYPES = YES;
				CLANG_WARN_SUSPICIOUS_MOVE = YES;
				CLANG_WARN_UNGUARDED_AVAILABILITY = YES_AGGRESSIVE;
				CLANG_WARN_UNREACHABLE_CODE = YES;
				CLANG_WARN__DUPLICATE_METHOD_MATCH = YES;
				COPY_PHASE_STRIP = NO;
				DEBUG_INFORMATION_FORMAT = "dwarf-with-dsym";
				ENABLE_NS_ASSERTIONS = NO;
				ENABLE_STRICT_OBJC_MSGSEND = YES;
				ENABLE_USER_SCRIPT_SANDBOXING = NO;
				GCC_C_LANGUAGE_STANDARD = gnu17;
				GCC_NO_COMMON_BLOCKS = YES;
				GCC_WARN_64_TO_32_BIT_CONVERSION = YES;
				GCC_WARN_ABOUT_RETURN_TYPE = YES_ERROR;
				GCC_WARN_UNDECLARED_SELECTOR = YES;
				GCC_WARN_UNINITIALIZED_AUTOS = YES_AGGRESSIVE;
				GCC_WARN_UNUSED_FUNCTION = YES;
				GCC_WARN_UNUSED_VARIABLE = YES;
				IPHONEOS_DEPLOYMENT_TARGET = 17.2;
				LOCALIZATION_PREFERS_STRING_CATALOGS = YES;
				MTL_ENABLE_DEBUG_INFO = NO;
				MTL_FAST_MATH = YES;
				SDKROOT = iphoneos;
				SWIFT_COMPILATION_MODE = wholemodule;
				VALIDATE_PRODUCT = YES;
			};
			name = Release;
		};
		7E29C8182B74B1F600647D9F /* Debug */ = {
			isa = XCBuildConfiguration;
			baseConfigurationReference = C5CE1D2C085C65520578CC64 /* Pods-Cafeteria.debug.xcconfig */;
			buildSettings = {
				ASSETCATALOG_COMPILER_APPICON_NAME = AppIcon;
				ASSETCATALOG_COMPILER_GLOBAL_ACCENT_COLOR_NAME = AccentColor;
				CODE_SIGN_STYLE = Automatic;
				CURRENT_PROJECT_VERSION = 1;
				DEVELOPMENT_TEAM = V7HYWRF575;
				GENERATE_INFOPLIST_FILE = YES;
				INFOPLIST_FILE = Cafeteria/App/Info.plist;
				INFOPLIST_KEY_NSLocationAlwaysAndWhenInUseUsageDescription = "Приложению необходима использование вашей геопозиции для корректного отображения кафе и растояния до них";
				INFOPLIST_KEY_NSLocationWhenInUseUsageDescription = "Приложению необходима использование вашей геопозиции для корректного отображения кафе и растояния до них";
				INFOPLIST_KEY_UIApplicationSupportsIndirectInputEvents = YES;
				INFOPLIST_KEY_UILaunchStoryboardName = LaunchScreen;
				INFOPLIST_KEY_UISupportedInterfaceOrientations = UIInterfaceOrientationPortrait;
				INFOPLIST_KEY_UISupportedInterfaceOrientations_iPad = "UIInterfaceOrientationLandscapeLeft UIInterfaceOrientationLandscapeRight UIInterfaceOrientationPortrait UIInterfaceOrientationPortraitUpsideDown";
				IPHONEOS_DEPLOYMENT_TARGET = 15.0;
				LD_RUNPATH_SEARCH_PATHS = (
					"$(inherited)",
					"@executable_path/Frameworks",
				);
				MARKETING_VERSION = 1.0;
				PRODUCT_BUNDLE_IDENTIFIER = com.gmail.esplusnin.Cafeteria;
				PRODUCT_NAME = "$(TARGET_NAME)";
				SUPPORTED_PLATFORMS = "iphoneos iphonesimulator";
				SUPPORTS_MACCATALYST = NO;
				SUPPORTS_MAC_DESIGNED_FOR_IPHONE_IPAD = NO;
				SUPPORTS_XR_DESIGNED_FOR_IPHONE_IPAD = NO;
				SWIFT_EMIT_LOC_STRINGS = YES;
				SWIFT_VERSION = 5.0;
				TARGETED_DEVICE_FAMILY = 1;
			};
			name = Debug;
		};
		7E29C8192B74B1F600647D9F /* Release */ = {
			isa = XCBuildConfiguration;
			baseConfigurationReference = 375A65FEC38FB097B3A0BC7F /* Pods-Cafeteria.release.xcconfig */;
			buildSettings = {
				ASSETCATALOG_COMPILER_APPICON_NAME = AppIcon;
				ASSETCATALOG_COMPILER_GLOBAL_ACCENT_COLOR_NAME = AccentColor;
				CODE_SIGN_STYLE = Automatic;
				CURRENT_PROJECT_VERSION = 1;
				DEVELOPMENT_TEAM = V7HYWRF575;
				GENERATE_INFOPLIST_FILE = YES;
				INFOPLIST_FILE = Cafeteria/App/Info.plist;
				INFOPLIST_KEY_NSLocationAlwaysAndWhenInUseUsageDescription = "Приложению необходима использование вашей геопозиции для корректного отображения кафе и растояния до них";
				INFOPLIST_KEY_NSLocationWhenInUseUsageDescription = "Приложению необходима использование вашей геопозиции для корректного отображения кафе и растояния до них";
				INFOPLIST_KEY_UIApplicationSupportsIndirectInputEvents = YES;
				INFOPLIST_KEY_UILaunchStoryboardName = LaunchScreen;
				INFOPLIST_KEY_UISupportedInterfaceOrientations = UIInterfaceOrientationPortrait;
				INFOPLIST_KEY_UISupportedInterfaceOrientations_iPad = "UIInterfaceOrientationLandscapeLeft UIInterfaceOrientationLandscapeRight UIInterfaceOrientationPortrait UIInterfaceOrientationPortraitUpsideDown";
				IPHONEOS_DEPLOYMENT_TARGET = 15.0;
				LD_RUNPATH_SEARCH_PATHS = (
					"$(inherited)",
					"@executable_path/Frameworks",
				);
				MARKETING_VERSION = 1.0;
				PRODUCT_BUNDLE_IDENTIFIER = com.gmail.esplusnin.Cafeteria;
				PRODUCT_NAME = "$(TARGET_NAME)";
				SUPPORTED_PLATFORMS = "iphoneos iphonesimulator";
				SUPPORTS_MACCATALYST = NO;
				SUPPORTS_MAC_DESIGNED_FOR_IPHONE_IPAD = NO;
				SUPPORTS_XR_DESIGNED_FOR_IPHONE_IPAD = NO;
				SWIFT_EMIT_LOC_STRINGS = YES;
				SWIFT_VERSION = 5.0;
				TARGETED_DEVICE_FAMILY = 1;
			};
			name = Release;
		};
/* End XCBuildConfiguration section */

/* Begin XCConfigurationList section */
		7E29C7FE2B74B1F400647D9F /* Build configuration list for PBXProject "Cafeteria" */ = {
			isa = XCConfigurationList;
			buildConfigurations = (
				7E29C8152B74B1F600647D9F /* Debug */,
				7E29C8162B74B1F600647D9F /* Release */,
			);
			defaultConfigurationIsVisible = 0;
			defaultConfigurationName = Release;
		};
		7E29C8172B74B1F600647D9F /* Build configuration list for PBXNativeTarget "Cafeteria" */ = {
			isa = XCConfigurationList;
			buildConfigurations = (
				7E29C8182B74B1F600647D9F /* Debug */,
				7E29C8192B74B1F600647D9F /* Release */,
			);
			defaultConfigurationIsVisible = 0;
			defaultConfigurationName = Release;
		};
/* End XCConfigurationList section */

/* Begin XCRemoteSwiftPackageReference section */
		7E94FDDC2B75F23A00DAEAD1 /* XCRemoteSwiftPackageReference "Alamofire" */ = {
			isa = XCRemoteSwiftPackageReference;
			repositoryURL = "https://github.com/Alamofire/Alamofire";
			requirement = {
				kind = upToNextMajorVersion;
				minimumVersion = 5.8.1;
			};
		};
		7E94FDDF2B75F4F900DAEAD1 /* XCRemoteSwiftPackageReference "KeychainAccess" */ = {
			isa = XCRemoteSwiftPackageReference;
			repositoryURL = "https://github.com/kishikawakatsumi/KeychainAccess";
			requirement = {
				branch = master;
				kind = branch;
			};
		};
		7E94FE552B78E84700DAEAD1 /* XCRemoteSwiftPackageReference "SnapKit" */ = {
			isa = XCRemoteSwiftPackageReference;
			repositoryURL = "https://github.com/SnapKit/SnapKit";
			requirement = {
				kind = upToNextMajorVersion;
				minimumVersion = 5.7.0;
			};
		};
		7E94FEC42B7A0D5100DAEAD1 /* XCRemoteSwiftPackageReference "Kingfisher" */ = {
			isa = XCRemoteSwiftPackageReference;
			repositoryURL = "https://github.com/onevcat/Kingfisher.git";
			requirement = {
				kind = upToNextMajorVersion;
				minimumVersion = 7.10.2;
			};
		};
/* End XCRemoteSwiftPackageReference section */

/* Begin XCSwiftPackageProductDependency section */
		7E94FDDD2B75F23A00DAEAD1 /* Alamofire */ = {
			isa = XCSwiftPackageProductDependency;
			package = 7E94FDDC2B75F23A00DAEAD1 /* XCRemoteSwiftPackageReference "Alamofire" */;
			productName = Alamofire;
		};
		7E94FDE02B75F4F900DAEAD1 /* KeychainAccess */ = {
			isa = XCSwiftPackageProductDependency;
			package = 7E94FDDF2B75F4F900DAEAD1 /* XCRemoteSwiftPackageReference "KeychainAccess" */;
			productName = KeychainAccess;
		};
		7E94FE562B78E84700DAEAD1 /* SnapKit */ = {
			isa = XCSwiftPackageProductDependency;
			package = 7E94FE552B78E84700DAEAD1 /* XCRemoteSwiftPackageReference "SnapKit" */;
			productName = SnapKit;
		};
		7E94FE5B2B78EEEE00DAEAD1 /* SnapKit-Dynamic */ = {
			isa = XCSwiftPackageProductDependency;
			package = 7E94FE552B78E84700DAEAD1 /* XCRemoteSwiftPackageReference "SnapKit" */;
			productName = "SnapKit-Dynamic";
		};
		7E94FEC52B7A0D5100DAEAD1 /* Kingfisher */ = {
			isa = XCSwiftPackageProductDependency;
			package = 7E94FEC42B7A0D5100DAEAD1 /* XCRemoteSwiftPackageReference "Kingfisher" */;
			productName = Kingfisher;
		};
/* End XCSwiftPackageProductDependency section */
	};
	rootObject = 7E29C7FB2B74B1F400647D9F /* Project object */;
}
