// !$*UTF8*$!
{
	archiveVersion = 1;
	classes = {
	};
	objectVersion = 56;
	objects = {

/* Begin PBXBuildFile section */
		7E29C8072B74B1F400647D9F /* AppDelegate.swift in Sources */ = {isa = PBXBuildFile; fileRef = 7E29C8062B74B1F400647D9F /* AppDelegate.swift */; };
		7E29C8092B74B1F400647D9F /* SceneDelegate.swift in Sources */ = {isa = PBXBuildFile; fileRef = 7E29C8082B74B1F400647D9F /* SceneDelegate.swift */; };
		7E29C80B2B74B1F400647D9F /* ViewController.swift in Sources */ = {isa = PBXBuildFile; fileRef = 7E29C80A2B74B1F400647D9F /* ViewController.swift */; };
		7E29C8132B74B1F600647D9F /* LaunchScreen.storyboard in Resources */ = {isa = PBXBuildFile; fileRef = 7E29C8112B74B1F600647D9F /* LaunchScreen.storyboard */; };
		7E29C8202B74B45B00647D9F /* Assets.xcassets in Resources */ = {isa = PBXBuildFile; fileRef = 7E29C80F2B74B1F600647D9F /* Assets.xcassets */; };
		7E29C8242B74B4CA00647D9F /* Localizable.strings in Resources */ = {isa = PBXBuildFile; fileRef = 7E29C8262B74B4CA00647D9F /* Localizable.strings */; };
		7E29C8292B74B58000647D9F /* Strings+Generated.swift in Sources */ = {isa = PBXBuildFile; fileRef = 7E29C8282B74B58000647D9F /* Strings+Generated.swift */; };
		7E29C82C2B74B5D500647D9F /* Colors.xcassets in Resources */ = {isa = PBXBuildFile; fileRef = 7E29C82B2B74B5D500647D9F /* Colors.xcassets */; };
		7E29C82E2B74B84E00647D9F /* XCAssets+Generated.swift in Sources */ = {isa = PBXBuildFile; fileRef = 7E29C82D2B74B84E00647D9F /* XCAssets+Generated.swift */; };
		7E29C8312B74B8CA00647D9F /* Images.xcassets in Resources */ = {isa = PBXBuildFile; fileRef = 7E29C8302B74B8CA00647D9F /* Images.xcassets */; };
/* End PBXBuildFile section */

/* Begin PBXFileReference section */
		7E29C8032B74B1F400647D9F /* Cafeteria.app */ = {isa = PBXFileReference; explicitFileType = wrapper.application; includeInIndex = 0; path = Cafeteria.app; sourceTree = BUILT_PRODUCTS_DIR; };
		7E29C8062B74B1F400647D9F /* AppDelegate.swift */ = {isa = PBXFileReference; lastKnownFileType = sourcecode.swift; path = AppDelegate.swift; sourceTree = "<group>"; };
		7E29C8082B74B1F400647D9F /* SceneDelegate.swift */ = {isa = PBXFileReference; lastKnownFileType = sourcecode.swift; path = SceneDelegate.swift; sourceTree = "<group>"; };
		7E29C80A2B74B1F400647D9F /* ViewController.swift */ = {isa = PBXFileReference; lastKnownFileType = sourcecode.swift; path = ViewController.swift; sourceTree = "<group>"; };
		7E29C80F2B74B1F600647D9F /* Assets.xcassets */ = {isa = PBXFileReference; lastKnownFileType = folder.assetcatalog; path = Assets.xcassets; sourceTree = "<group>"; };
		7E29C8142B74B1F600647D9F /* Info.plist */ = {isa = PBXFileReference; lastKnownFileType = text.plist.xml; path = Info.plist; sourceTree = "<group>"; };
		7E29C81E2B74B3EF00647D9F /* ru */ = {isa = PBXFileReference; lastKnownFileType = file.storyboard; name = ru; path = ru.lproj/LaunchScreen.storyboard; sourceTree = "<group>"; };
		7E29C8252B74B4CA00647D9F /* ru */ = {isa = PBXFileReference; lastKnownFileType = text.plist.strings; name = ru; path = ru.lproj/Localizable.strings; sourceTree = "<group>"; };
		7E29C8282B74B58000647D9F /* Strings+Generated.swift */ = {isa = PBXFileReference; fileEncoding = 4; lastKnownFileType = sourcecode.swift; path = "Strings+Generated.swift"; sourceTree = "<group>"; };
		7E29C82B2B74B5D500647D9F /* Colors.xcassets */ = {isa = PBXFileReference; lastKnownFileType = folder.assetcatalog; path = Colors.xcassets; sourceTree = "<group>"; };
		7E29C82D2B74B84E00647D9F /* XCAssets+Generated.swift */ = {isa = PBXFileReference; fileEncoding = 4; lastKnownFileType = sourcecode.swift; path = "XCAssets+Generated.swift"; sourceTree = "<group>"; };
		7E29C8302B74B8CA00647D9F /* Images.xcassets */ = {isa = PBXFileReference; lastKnownFileType = folder.assetcatalog; path = Images.xcassets; sourceTree = "<group>"; };
/* End PBXFileReference section */

/* Begin PBXFrameworksBuildPhase section */
		7E29C8002B74B1F400647D9F /* Frameworks */ = {
			isa = PBXFrameworksBuildPhase;
			buildActionMask = 2147483647;
			files = (
			);
			runOnlyForDeploymentPostprocessing = 0;
		};
/* End PBXFrameworksBuildPhase section */

/* Begin PBXGroup section */
		7E29C7FA2B74B1F400647D9F = {
			isa = PBXGroup;
			children = (
				7E29C8052B74B1F400647D9F /* Cafeteria */,
				7E29C8042B74B1F400647D9F /* Products */,
			);
			sourceTree = "<group>";
		};
		7E29C8042B74B1F400647D9F /* Products */ = {
			isa = PBXGroup;
			children = (
				7E29C8032B74B1F400647D9F /* Cafeteria.app */,
			);
			name = Products;
			sourceTree = "<group>";
		};
		7E29C8052B74B1F400647D9F /* Cafeteria */ = {
			isa = PBXGroup;
			children = (
				7E29C81F2B74B40200647D9F /* App */,
				7E29C81B2B74B3BB00647D9F /* Resources */,
				7E29C81A2B74B3B200647D9F /* Generated */,
				7E29C80A2B74B1F400647D9F /* ViewController.swift */,
			);
			path = Cafeteria;
			sourceTree = "<group>";
		};
		7E29C81A2B74B3B200647D9F /* Generated */ = {
			isa = PBXGroup;
			children = (
				7E29C82D2B74B84E00647D9F /* XCAssets+Generated.swift */,
				7E29C8282B74B58000647D9F /* Strings+Generated.swift */,
			);
			path = Generated;
			sourceTree = "<group>";
		};
		7E29C81B2B74B3BB00647D9F /* Resources */ = {
			isa = PBXGroup;
			children = (
				7E29C82F2B74B8C100647D9F /* Images */,
				7E29C82A2B74B5CA00647D9F /* Colors */,
				7E29C81C2B74B3C100647D9F /* Localizable */,
				7E29C80F2B74B1F600647D9F /* Assets.xcassets */,
			);
			path = Resources;
			sourceTree = "<group>";
		};
		7E29C81C2B74B3C100647D9F /* Localizable */ = {
			isa = PBXGroup;
			children = (
				7E29C8262B74B4CA00647D9F /* Localizable.strings */,
			);
			path = Localizable;
			sourceTree = "<group>";
		};
		7E29C81F2B74B40200647D9F /* App */ = {
			isa = PBXGroup;
			children = (
				7E29C8062B74B1F400647D9F /* AppDelegate.swift */,
				7E29C8082B74B1F400647D9F /* SceneDelegate.swift */,
				7E29C8112B74B1F600647D9F /* LaunchScreen.storyboard */,
				7E29C8142B74B1F600647D9F /* Info.plist */,
			);
			path = App;
			sourceTree = "<group>";
		};
		7E29C82A2B74B5CA00647D9F /* Colors */ = {
			isa = PBXGroup;
			children = (
				7E29C82B2B74B5D500647D9F /* Colors.xcassets */,
			);
			path = Colors;
			sourceTree = "<group>";
		};
		7E29C82F2B74B8C100647D9F /* Images */ = {
			isa = PBXGroup;
			children = (
				7E29C8302B74B8CA00647D9F /* Images.xcassets */,
			);
			path = Images;
			sourceTree = "<group>";
		};
/* End PBXGroup section */

/* Begin PBXNativeTarget section */
		7E29C8022B74B1F400647D9F /* Cafeteria */ = {
			isa = PBXNativeTarget;
			buildConfigurationList = 7E29C8172B74B1F600647D9F /* Build configuration list for PBXNativeTarget "Cafeteria" */;
			buildPhases = (
				7E29C8212B74B4A000647D9F /* Swiftgen */,
				7E29C7FF2B74B1F400647D9F /* Sources */,
				7E29C8002B74B1F400647D9F /* Frameworks */,
				7E29C8012B74B1F400647D9F /* Resources */,
			);
			buildRules = (
			);
			dependencies = (
			);
			name = Cafeteria;
			productName = Cafeteria;
			productReference = 7E29C8032B74B1F400647D9F /* Cafeteria.app */;
			productType = "com.apple.product-type.application";
		};
/* End PBXNativeTarget section */

/* Begin PBXProject section */
		7E29C7FB2B74B1F400647D9F /* Project object */ = {
			isa = PBXProject;
			attributes = {
				BuildIndependentTargetsInParallel = 1;
				LastSwiftUpdateCheck = 1520;
				LastUpgradeCheck = 1520;
				TargetAttributes = {
					7E29C8022B74B1F400647D9F = {
						CreatedOnToolsVersion = 15.2;
					};
				};
			};
			buildConfigurationList = 7E29C7FE2B74B1F400647D9F /* Build configuration list for PBXProject "Cafeteria" */;
			compatibilityVersion = "Xcode 14.0";
			developmentRegion = ru;
			hasScannedForEncodings = 0;
			knownRegions = (
				ru,
			);
			mainGroup = 7E29C7FA2B74B1F400647D9F;
			productRefGroup = 7E29C8042B74B1F400647D9F /* Products */;
			projectDirPath = "";
			projectRoot = "";
			targets = (
				7E29C8022B74B1F400647D9F /* Cafeteria */,
			);
		};
/* End PBXProject section */

/* Begin PBXResourcesBuildPhase section */
		7E29C8012B74B1F400647D9F /* Resources */ = {
			isa = PBXResourcesBuildPhase;
			buildActionMask = 2147483647;
			files = (
				7E29C8202B74B45B00647D9F /* Assets.xcassets in Resources */,
				7E29C8312B74B8CA00647D9F /* Images.xcassets in Resources */,
				7E29C82C2B74B5D500647D9F /* Colors.xcassets in Resources */,
				7E29C8242B74B4CA00647D9F /* Localizable.strings in Resources */,
				7E29C8132B74B1F600647D9F /* LaunchScreen.storyboard in Resources */,
			);
			runOnlyForDeploymentPostprocessing = 0;
		};
/* End PBXResourcesBuildPhase section */

/* Begin PBXShellScriptBuildPhase section */
		7E29C8212B74B4A000647D9F /* Swiftgen */ = {
			isa = PBXShellScriptBuildPhase;
			alwaysOutOfDate = 1;
			buildActionMask = 2147483647;
			files = (
			);
			inputFileListPaths = (
			);
			inputPaths = (
			);
			name = Swiftgen;
			outputFileListPaths = (
			);
			outputPaths = (
			);
			runOnlyForDeploymentPostprocessing = 0;
			shellPath = /bin/sh;
			shellScript = "export PATH=\"$PATH:/opt/homebrew/bin\"\n\nif which swiftgen; then\n    swiftgen\nelse\n  echo \"warning: SwiftGen is not installed\"\nfi\n";
		};
/* End PBXShellScriptBuildPhase section */

/* Begin PBXSourcesBuildPhase section */
		7E29C7FF2B74B1F400647D9F /* Sources */ = {
			isa = PBXSourcesBuildPhase;
			buildActionMask = 2147483647;
			files = (
				7E29C82E2B74B84E00647D9F /* XCAssets+Generated.swift in Sources */,
				7E29C80B2B74B1F400647D9F /* ViewController.swift in Sources */,
				7E29C8072B74B1F400647D9F /* AppDelegate.swift in Sources */,
				7E29C8292B74B58000647D9F /* Strings+Generated.swift in Sources */,
				7E29C8092B74B1F400647D9F /* SceneDelegate.swift in Sources */,
			);
			runOnlyForDeploymentPostprocessing = 0;
		};
/* End PBXSourcesBuildPhase section */

/* Begin PBXVariantGroup section */
		7E29C8112B74B1F600647D9F /* LaunchScreen.storyboard */ = {
			isa = PBXVariantGroup;
			children = (
				7E29C81E2B74B3EF00647D9F /* ru */,
			);
			name = LaunchScreen.storyboard;
			sourceTree = "<group>";
		};
		7E29C8262B74B4CA00647D9F /* Localizable.strings */ = {
			isa = PBXVariantGroup;
			children = (
				7E29C8252B74B4CA00647D9F /* ru */,
			);
			name = Localizable.strings;
			sourceTree = "<group>";
		};
/* End PBXVariantGroup section */

/* Begin XCBuildConfiguration section */
		7E29C8152B74B1F600647D9F /* Debug */ = {
			isa = XCBuildConfiguration;
			buildSettings = {
				ALWAYS_SEARCH_USER_PATHS = NO;
				ASSETCATALOG_COMPILER_GENERATE_SWIFT_ASSET_SYMBOL_EXTENSIONS = YES;
				CLANG_ANALYZER_LOCALIZABILITY_NONLOCALIZED = YES;
				CLANG_ANALYZER_NONNULL = YES;
				CLANG_ANALYZER_NUMBER_OBJECT_CONVERSION = YES_AGGRESSIVE;
				CLANG_CXX_LANGUAGE_STANDARD = "gnu++20";
				CLANG_ENABLE_MODULES = YES;
				CLANG_ENABLE_OBJC_ARC = YES;
				CLANG_ENABLE_OBJC_WEAK = YES;
				CLANG_WARN_BLOCK_CAPTURE_AUTORELEASING = YES;
				CLANG_WARN_BOOL_CONVERSION = YES;
				CLANG_WARN_COMMA = YES;
				CLANG_WARN_CONSTANT_CONVERSION = YES;
				CLANG_WARN_DEPRECATED_OBJC_IMPLEMENTATIONS = YES;
				CLANG_WARN_DIRECT_OBJC_ISA_USAGE = YES_ERROR;
				CLANG_WARN_DOCUMENTATION_COMMENTS = YES;
				CLANG_WARN_EMPTY_BODY = YES;
				CLANG_WARN_ENUM_CONVERSION = YES;
				CLANG_WARN_INFINITE_RECURSION = YES;
				CLANG_WARN_INT_CONVERSION = YES;
				CLANG_WARN_NON_LITERAL_NULL_CONVERSION = YES;
				CLANG_WARN_OBJC_IMPLICIT_RETAIN_SELF = YES;
				CLANG_WARN_OBJC_LITERAL_CONVERSION = YES;
				CLANG_WARN_OBJC_ROOT_CLASS = YES_ERROR;
				CLANG_WARN_QUOTED_INCLUDE_IN_FRAMEWORK_HEADER = YES;
				CLANG_WARN_RANGE_LOOP_ANALYSIS = YES;
				CLANG_WARN_STRICT_PROTOTYPES = YES;
				CLANG_WARN_SUSPICIOUS_MOVE = YES;
				CLANG_WARN_UNGUARDED_AVAILABILITY = YES_AGGRESSIVE;
				CLANG_WARN_UNREACHABLE_CODE = YES;
				CLANG_WARN__DUPLICATE_METHOD_MATCH = YES;
				COPY_PHASE_STRIP = NO;
				DEBUG_INFORMATION_FORMAT = dwarf;
				ENABLE_STRICT_OBJC_MSGSEND = YES;
				ENABLE_TESTABILITY = YES;
				ENABLE_USER_SCRIPT_SANDBOXING = NO;
				GCC_C_LANGUAGE_STANDARD = gnu17;
				GCC_DYNAMIC_NO_PIC = NO;
				GCC_NO_COMMON_BLOCKS = YES;
				GCC_OPTIMIZATION_LEVEL = 0;
				GCC_PREPROCESSOR_DEFINITIONS = (
					"DEBUG=1",
					"$(inherited)",
				);
				GCC_WARN_64_TO_32_BIT_CONVERSION = YES;
				GCC_WARN_ABOUT_RETURN_TYPE = YES_ERROR;
				GCC_WARN_UNDECLARED_SELECTOR = YES;
				GCC_WARN_UNINITIALIZED_AUTOS = YES_AGGRESSIVE;
				GCC_WARN_UNUSED_FUNCTION = YES;
				GCC_WARN_UNUSED_VARIABLE = YES;
				IPHONEOS_DEPLOYMENT_TARGET = 17.2;
				LOCALIZATION_PREFERS_STRING_CATALOGS = YES;
				MTL_ENABLE_DEBUG_INFO = INCLUDE_SOURCE;
				MTL_FAST_MATH = YES;
				ONLY_ACTIVE_ARCH = YES;
				SDKROOT = iphoneos;
				SWIFT_ACTIVE_COMPILATION_CONDITIONS = "DEBUG $(inherited)";
				SWIFT_OPTIMIZATION_LEVEL = "-Onone";
			};
			name = Debug;
		};
		7E29C8162B74B1F600647D9F /* Release */ = {
			isa = XCBuildConfiguration;
			buildSettings = {
				ALWAYS_SEARCH_USER_PATHS = NO;
				ASSETCATALOG_COMPILER_GENERATE_SWIFT_ASSET_SYMBOL_EXTENSIONS = YES;
				CLANG_ANALYZER_LOCALIZABILITY_NONLOCALIZED = YES;
				CLANG_ANALYZER_NONNULL = YES;
				CLANG_ANALYZER_NUMBER_OBJECT_CONVERSION = YES_AGGRESSIVE;
				CLANG_CXX_LANGUAGE_STANDARD = "gnu++20";
				CLANG_ENABLE_MODULES = YES;
				CLANG_ENABLE_OBJC_ARC = YES;
				CLANG_ENABLE_OBJC_WEAK = YES;
				CLANG_WARN_BLOCK_CAPTURE_AUTORELEASING = YES;
				CLANG_WARN_BOOL_CONVERSION = YES;
				CLANG_WARN_COMMA = YES;
				CLANG_WARN_CONSTANT_CONVERSION = YES;
				CLANG_WARN_DEPRECATED_OBJC_IMPLEMENTATIONS = YES;
				CLANG_WARN_DIRECT_OBJC_ISA_USAGE = YES_ERROR;
				CLANG_WARN_DOCUMENTATION_COMMENTS = YES;
				CLANG_WARN_EMPTY_BODY = YES;
				CLANG_WARN_ENUM_CONVERSION = YES;
				CLANG_WARN_INFINITE_RECURSION = YES;
				CLANG_WARN_INT_CONVERSION = YES;
				CLANG_WARN_NON_LITERAL_NULL_CONVERSION = YES;
				CLANG_WARN_OBJC_IMPLICIT_RETAIN_SELF = YES;
				CLANG_WARN_OBJC_LITERAL_CONVERSION = YES;
				CLANG_WARN_OBJC_ROOT_CLASS = YES_ERROR;
				CLANG_WARN_QUOTED_INCLUDE_IN_FRAMEWORK_HEADER = YES;
				CLANG_WARN_RANGE_LOOP_ANALYSIS = YES;
				CLANG_WARN_STRICT_PROTOTYPES = YES;
				CLANG_WARN_SUSPICIOUS_MOVE = YES;
				CLANG_WARN_UNGUARDED_AVAILABILITY = YES_AGGRESSIVE;
				CLANG_WARN_UNREACHABLE_CODE = YES;
				CLANG_WARN__DUPLICATE_METHOD_MATCH = YES;
				COPY_PHASE_STRIP = NO;
				DEBUG_INFORMATION_FORMAT = "dwarf-with-dsym";
				ENABLE_NS_ASSERTIONS = NO;
				ENABLE_STRICT_OBJC_MSGSEND = YES;
				ENABLE_USER_SCRIPT_SANDBOXING = NO;
				GCC_C_LANGUAGE_STANDARD = gnu17;
				GCC_NO_COMMON_BLOCKS = YES;
				GCC_WARN_64_TO_32_BIT_CONVERSION = YES;
				GCC_WARN_ABOUT_RETURN_TYPE = YES_ERROR;
				GCC_WARN_UNDECLARED_SELECTOR = YES;
				GCC_WARN_UNINITIALIZED_AUTOS = YES_AGGRESSIVE;
				GCC_WARN_UNUSED_FUNCTION = YES;
				GCC_WARN_UNUSED_VARIABLE = YES;
				IPHONEOS_DEPLOYMENT_TARGET = 17.2;
				LOCALIZATION_PREFERS_STRING_CATALOGS = YES;
				MTL_ENABLE_DEBUG_INFO = NO;
				MTL_FAST_MATH = YES;
				SDKROOT = iphoneos;
				SWIFT_COMPILATION_MODE = wholemodule;
				VALIDATE_PRODUCT = YES;
			};
			name = Release;
		};
		7E29C8182B74B1F600647D9F /* Debug */ = {
			isa = XCBuildConfiguration;
			buildSettings = {
				ASSETCATALOG_COMPILER_APPICON_NAME = AppIcon;
				ASSETCATALOG_COMPILER_GLOBAL_ACCENT_COLOR_NAME = AccentColor;
				CODE_SIGN_STYLE = Automatic;
				CURRENT_PROJECT_VERSION = 1;
				DEVELOPMENT_TEAM = V7HYWRF575;
				GENERATE_INFOPLIST_FILE = YES;
				INFOPLIST_FILE = Cafeteria/App/Info.plist;
				INFOPLIST_KEY_UIApplicationSupportsIndirectInputEvents = YES;
				INFOPLIST_KEY_UILaunchStoryboardName = LaunchScreen;
				INFOPLIST_KEY_UISupportedInterfaceOrientations = UIInterfaceOrientationPortrait;
				INFOPLIST_KEY_UISupportedInterfaceOrientations_iPad = "UIInterfaceOrientationLandscapeLeft UIInterfaceOrientationLandscapeRight UIInterfaceOrientationPortrait UIInterfaceOrientationPortraitUpsideDown";
				IPHONEOS_DEPLOYMENT_TARGET = 15.0;
				LD_RUNPATH_SEARCH_PATHS = (
					"$(inherited)",
					"@executable_path/Frameworks",
				);
				MARKETING_VERSION = 1.0;
				PRODUCT_BUNDLE_IDENTIFIER = com.gmail.esplusnin.Cafeteria;
				PRODUCT_NAME = "$(TARGET_NAME)";
				SUPPORTED_PLATFORMS = "iphoneos iphonesimulator";
				SUPPORTS_MACCATALYST = NO;
				SUPPORTS_MAC_DESIGNED_FOR_IPHONE_IPAD = NO;
				SUPPORTS_XR_DESIGNED_FOR_IPHONE_IPAD = NO;
				SWIFT_EMIT_LOC_STRINGS = YES;
				SWIFT_VERSION = 5.0;
				TARGETED_DEVICE_FAMILY = 1;
			};
			name = Debug;
		};
		7E29C8192B74B1F600647D9F /* Release */ = {
			isa = XCBuildConfiguration;
			buildSettings = {
				ASSETCATALOG_COMPILER_APPICON_NAME = AppIcon;
				ASSETCATALOG_COMPILER_GLOBAL_ACCENT_COLOR_NAME = AccentColor;
				CODE_SIGN_STYLE = Automatic;
				CURRENT_PROJECT_VERSION = 1;
				DEVELOPMENT_TEAM = V7HYWRF575;
				GENERATE_INFOPLIST_FILE = YES;
				INFOPLIST_FILE = Cafeteria/App/Info.plist;
				INFOPLIST_KEY_UIApplicationSupportsIndirectInputEvents = YES;
				INFOPLIST_KEY_UILaunchStoryboardName = LaunchScreen;
				INFOPLIST_KEY_UISupportedInterfaceOrientations = UIInterfaceOrientationPortrait;
				INFOPLIST_KEY_UISupportedInterfaceOrientations_iPad = "UIInterfaceOrientationLandscapeLeft UIInterfaceOrientationLandscapeRight UIInterfaceOrientationPortrait UIInterfaceOrientationPortraitUpsideDown";
				IPHONEOS_DEPLOYMENT_TARGET = 15.0;
				LD_RUNPATH_SEARCH_PATHS = (
					"$(inherited)",
					"@executable_path/Frameworks",
				);
				MARKETING_VERSION = 1.0;
				PRODUCT_BUNDLE_IDENTIFIER = com.gmail.esplusnin.Cafeteria;
				PRODUCT_NAME = "$(TARGET_NAME)";
				SUPPORTED_PLATFORMS = "iphoneos iphonesimulator";
				SUPPORTS_MACCATALYST = NO;
				SUPPORTS_MAC_DESIGNED_FOR_IPHONE_IPAD = NO;
				SUPPORTS_XR_DESIGNED_FOR_IPHONE_IPAD = NO;
				SWIFT_EMIT_LOC_STRINGS = YES;
				SWIFT_VERSION = 5.0;
				TARGETED_DEVICE_FAMILY = 1;
			};
			name = Release;
		};
/* End XCBuildConfiguration section */

/* Begin XCConfigurationList section */
		7E29C7FE2B74B1F400647D9F /* Build configuration list for PBXProject "Cafeteria" */ = {
			isa = XCConfigurationList;
			buildConfigurations = (
				7E29C8152B74B1F600647D9F /* Debug */,
				7E29C8162B74B1F600647D9F /* Release */,
			);
			defaultConfigurationIsVisible = 0;
			defaultConfigurationName = Release;
		};
		7E29C8172B74B1F600647D9F /* Build configuration list for PBXNativeTarget "Cafeteria" */ = {
			isa = XCConfigurationList;
			buildConfigurations = (
				7E29C8182B74B1F600647D9F /* Debug */,
				7E29C8192B74B1F600647D9F /* Release */,
			);
			defaultConfigurationIsVisible = 0;
			defaultConfigurationName = Release;
		};
/* End XCConfigurationList section */
	};
	rootObject = 7E29C7FB2B74B1F400647D9F /* Project object */;
}
